// !$*UTF8*$!
{
	archiveVersion = 1;
	classes = {
	};
	objectVersion = 46;
	objects = {

/* Begin PBXBuildFile section */
		83173CD6150FC31500227E21 /* Entitlements.plist in Resources */ = {isa = PBXBuildFile; fileRef = 83173CD5150FC31500227E21 /* Entitlements.plist */; };
		83201BEA1512619700F6CA42 /* lamp icon.png in Resources */ = {isa = PBXBuildFile; fileRef = 83201BE91512619700F6CA42 /* lamp icon.png */; };
		83B4798A15055860002AC1DA /* rainbow_lamp.png in Resources */ = {isa = PBXBuildFile; fileRef = 83B4798815055860002AC1DA /* rainbow_lamp.png */; };
		83B4798B15055860002AC1DA /* rainbow_lamp@2x.png in Resources */ = {isa = PBXBuildFile; fileRef = 83B4798915055860002AC1DA /* rainbow_lamp@2x.png */; };
		83ED0A8515044B3D0096A20C /* ChooseLightViewController.m in Sources */ = {isa = PBXBuildFile; fileRef = 83ED0A8215044B3D0096A20C /* ChooseLightViewController.m */; };
		83ED0A8615044B3D0096A20C /* ChooseLightViewController.xib in Resources */ = {isa = PBXBuildFile; fileRef = 83ED0A8315044B3D0096A20C /* ChooseLightViewController.xib */; };
		9C1140C61AEDA85200E3ED92 /* UIColor+Hex.m in Sources */ = {isa = PBXBuildFile; fileRef = 9C1140C51AEDA85200E3ED92 /* UIColor+Hex.m */; };
		9C1140C71AEDA93700E3ED92 /* UIColor+Hex.m in Sources */ = {isa = PBXBuildFile; fileRef = 9C1140C51AEDA85200E3ED92 /* UIColor+Hex.m */; };
		9C6CBD19179211B500D3D21C /* Default-568h@2x.png in Resources */ = {isa = PBXBuildFile; fileRef = 9C6CBD18179211B500D3D21C /* Default-568h@2x.png */; };
		9C7451EE1525512A000C8275 /* frame.png in Resources */ = {isa = PBXBuildFile; fileRef = 9C7451ED1525512A000C8275 /* frame.png */; };
		9C75EBAA1AF5774600131679 /* rgb.txt in Resources */ = {isa = PBXBuildFile; fileRef = 9C75EBA91AF5774600131679 /* rgb.txt */; };
		9C75EBAD1AF5778500131679 /* ColorHandler.m in Sources */ = {isa = PBXBuildFile; fileRef = 9C75EBAC1AF5778500131679 /* ColorHandler.m */; };
		9C75EBAE1AF58A9700131679 /* ColorHandler.m in Sources */ = {isa = PBXBuildFile; fileRef = 9C75EBAC1AF5778500131679 /* ColorHandler.m */; };
		9C75EBB11AF5954A00131679 /* SetColorListInterfaceController.m in Sources */ = {isa = PBXBuildFile; fileRef = 9C75EBB01AF5954A00131679 /* SetColorListInterfaceController.m */; };
		9C75EBB41AF595FD00131679 /* ColorRow.m in Sources */ = {isa = PBXBuildFile; fileRef = 9C75EBB31AF595FD00131679 /* ColorRow.m */; };
		9C75EBB51AF59A9700131679 /* rgb.txt in Resources */ = {isa = PBXBuildFile; fileRef = 9C75EBA91AF5774600131679 /* rgb.txt */; };
		9C9C67C61ADAC19500110CF7 /* libTBXML-iOS.a in Frameworks */ = {isa = PBXBuildFile; fileRef = 83ED0A7315040A190096A20C /* libTBXML-iOS.a */; };
		9CC6F4FF1AEC95F200321413 /* LightListInterfaceController.m in Sources */ = {isa = PBXBuildFile; fileRef = 9CC6F4FE1AEC95F200321413 /* LightListInterfaceController.m */; };
		9CC6F5021AEC95F200321413 /* GlanceController.m in Sources */ = {isa = PBXBuildFile; fileRef = 9CC6F5011AEC95F200321413 /* GlanceController.m */; };
		9CC6F5041AEC95F200321413 /* Images.xcassets in Resources */ = {isa = PBXBuildFile; fileRef = 9CC6F5031AEC95F200321413 /* Images.xcassets */; };
		9CC6F5081AEC95F200321413 /* Color Picker.app in Resources */ = {isa = PBXBuildFile; fileRef = 9CC6F5071AEC95F200321413 /* Color Picker.app */; };
		9CC6F5101AEC95F200321413 /* Interface.storyboard in Resources */ = {isa = PBXBuildFile; fileRef = 9CC6F50E1AEC95F200321413 /* Interface.storyboard */; };
		9CC6F5121AEC95F200321413 /* Images.xcassets in Resources */ = {isa = PBXBuildFile; fileRef = 9CC6F5111AEC95F200321413 /* Images.xcassets */; };
		9CC6F5151AEC95F200321413 /* Color Picker.appex in Embed App Extensions */ = {isa = PBXBuildFile; fileRef = 9CC6F4F91AEC95F200321413 /* Color Picker.appex */; settings = {ATTRIBUTES = (RemoveHeadersOnCopy, ); }; };
		9CC6F5261AEC9BD100321413 /* SetColorInterfaceController.m in Sources */ = {isa = PBXBuildFile; fileRef = 9CC6F5251AEC9BD100321413 /* SetColorInterfaceController.m */; };
		9CC6F5291AEC9C6200321413 /* LampRow.m in Sources */ = {isa = PBXBuildFile; fileRef = 9CC6F5281AEC9C6200321413 /* LampRow.m */; };
		9CC6F52C1AEC9C7100321413 /* ErrorRow.m in Sources */ = {isa = PBXBuildFile; fileRef = 9CC6F52B1AEC9C7100321413 /* ErrorRow.m */; };
		9CE4EED414CBA53300DFAD4A /* UIKit.framework in Frameworks */ = {isa = PBXBuildFile; fileRef = 9CE4EED314CBA53300DFAD4A /* UIKit.framework */; };
		9CE4EED614CBA53300DFAD4A /* Foundation.framework in Frameworks */ = {isa = PBXBuildFile; fileRef = 9CE4EED514CBA53300DFAD4A /* Foundation.framework */; };
		9CE4EED814CBA53300DFAD4A /* CoreGraphics.framework in Frameworks */ = {isa = PBXBuildFile; fileRef = 9CE4EED714CBA53300DFAD4A /* CoreGraphics.framework */; };
		9CE4EEDE14CBA53300DFAD4A /* InfoPlist.strings in Resources */ = {isa = PBXBuildFile; fileRef = 9CE4EEDC14CBA53300DFAD4A /* InfoPlist.strings */; };
		9CE4EEE014CBA53300DFAD4A /* main.m in Sources */ = {isa = PBXBuildFile; fileRef = 9CE4EEDF14CBA53300DFAD4A /* main.m */; };
		9CE4EEE414CBA53300DFAD4A /* com_robertdiamondAppDelegate.m in Sources */ = {isa = PBXBuildFile; fileRef = 9CE4EEE314CBA53300DFAD4A /* com_robertdiamondAppDelegate.m */; };
		9CE4EEFA14CBA64E00DFAD4A /* bar_select.png in Resources */ = {isa = PBXBuildFile; fileRef = 9CE4EEF514CBA64E00DFAD4A /* bar_select.png */; };
		9CE4EEFB14CBA64E00DFAD4A /* colormap.png in Resources */ = {isa = PBXBuildFile; fileRef = 9CE4EEF614CBA64E00DFAD4A /* colormap.png */; };
		9CE4EEFC14CBA64E00DFAD4A /* crosshair.png in Resources */ = {isa = PBXBuildFile; fileRef = 9CE4EEF714CBA64E00DFAD4A /* crosshair.png */; };
		9CE4EF1314CBA68200DFAD4A /* ColorPickerView.m in Sources */ = {isa = PBXBuildFile; fileRef = 9CE4EF0514CBA68200DFAD4A /* ColorPickerView.m */; };
		9CE4EF1414CBA68200DFAD4A /* ColorPickerViewController.m in Sources */ = {isa = PBXBuildFile; fileRef = 9CE4EF0714CBA68200DFAD4A /* ColorPickerViewController.m */; };
		9CE4EF1514CBA68200DFAD4A /* ColorSwatchView.m in Sources */ = {isa = PBXBuildFile; fileRef = 9CE4EF0914CBA68200DFAD4A /* ColorSwatchView.m */; };
		9CE4EF1614CBA68200DFAD4A /* GradientView.m in Sources */ = {isa = PBXBuildFile; fileRef = 9CE4EF0C14CBA68200DFAD4A /* GradientView.m */; };
		9CE4EF1714CBA68200DFAD4A /* UIColor-Expanded.m in Sources */ = {isa = PBXBuildFile; fileRef = 9CE4EF0E14CBA68200DFAD4A /* UIColor-Expanded.m */; };
		9CE4EF1814CBA68200DFAD4A /* UIColor-HSVAdditions.m in Sources */ = {isa = PBXBuildFile; fileRef = 9CE4EF1014CBA68200DFAD4A /* UIColor-HSVAdditions.m */; };
		9CE4EF1A14CBA74100DFAD4A /* ColorPickerViewController.xib in Resources */ = {isa = PBXBuildFile; fileRef = 9CE4EF1914CBA74100DFAD4A /* ColorPickerViewController.xib */; };
		9CE4EF1C14CBB22700DFAD4A /* Settings.bundle in Resources */ = {isa = PBXBuildFile; fileRef = 9CE4EF1B14CBB22700DFAD4A /* Settings.bundle */; };
		9CEEB794153202D100A7DBB8 /* ConnectportDiscovery.m in Sources */ = {isa = PBXBuildFile; fileRef = 9CEEB793153202D100A7DBB8 /* ConnectportDiscovery.m */; };
		9CEEB79815320ACB00A7DBB8 /* ADDPPacket.m in Sources */ = {isa = PBXBuildFile; fileRef = 9CEEB79715320ACB00A7DBB8 /* ADDPPacket.m */; };
		9CEEB79B1532265F00A7DBB8 /* rainbow_lamp_ipad.png in Resources */ = {isa = PBXBuildFile; fileRef = 9CEEB79A1532265F00A7DBB8 /* rainbow_lamp_ipad.png */; };
/* End PBXBuildFile section */

/* Begin PBXContainerItemProxy section */
		83ED0A6E15040A190096A20C /* PBXContainerItemProxy */ = {
			isa = PBXContainerItemProxy;
			containerPortal = 83ED0A6415040A190096A20C /* TBXML.xcodeproj */;
			proxyType = 2;
			remoteGlobalIDString = 829FA09C14D5B52A00D18697;
			remoteInfo = TBXML;
		};
		83ED0A7015040A190096A20C /* PBXContainerItemProxy */ = {
			isa = PBXContainerItemProxy;
			containerPortal = 83ED0A6415040A190096A20C /* TBXML.xcodeproj */;
			proxyType = 2;
			remoteGlobalIDString = 829FA0B014D5B52A00D18697;
			remoteInfo = TBXMLTests;
		};
		83ED0A7215040A190096A20C /* PBXContainerItemProxy */ = {
			isa = PBXContainerItemProxy;
			containerPortal = 83ED0A6415040A190096A20C /* TBXML.xcodeproj */;
			proxyType = 2;
			remoteGlobalIDString = 8290352514D9F5B200ACF7E4;
			remoteInfo = "TBXML-iOS";
		};
		83ED0A7415040A190096A20C /* PBXContainerItemProxy */ = {
			isa = PBXContainerItemProxy;
			containerPortal = 83ED0A6415040A190096A20C /* TBXML.xcodeproj */;
			proxyType = 2;
			remoteGlobalIDString = 8290353314D9F5B200ACF7E4;
			remoteInfo = "TBXML-iOSTests";
		};
		9C9C67BD1ADAC01F00110CF7 /* PBXContainerItemProxy */ = {
			isa = PBXContainerItemProxy;
			containerPortal = 9C9C67B31ADAC01F00110CF7 /* TBXML.xcodeproj */;
			proxyType = 2;
			remoteGlobalIDString = 829FA09C14D5B52A00D18697;
			remoteInfo = TBXML;
		};
		9C9C67BF1ADAC01F00110CF7 /* PBXContainerItemProxy */ = {
			isa = PBXContainerItemProxy;
			containerPortal = 9C9C67B31ADAC01F00110CF7 /* TBXML.xcodeproj */;
			proxyType = 2;
			remoteGlobalIDString = 829FA0B014D5B52A00D18697;
			remoteInfo = TBXMLTests;
		};
		9C9C67C11ADAC01F00110CF7 /* PBXContainerItemProxy */ = {
			isa = PBXContainerItemProxy;
			containerPortal = 9C9C67B31ADAC01F00110CF7 /* TBXML.xcodeproj */;
			proxyType = 2;
			remoteGlobalIDString = 8290352514D9F5B200ACF7E4;
			remoteInfo = "TBXML-iOS";
		};
		9C9C67C31ADAC01F00110CF7 /* PBXContainerItemProxy */ = {
			isa = PBXContainerItemProxy;
			containerPortal = 9C9C67B31ADAC01F00110CF7 /* TBXML.xcodeproj */;
			proxyType = 2;
			remoteGlobalIDString = 8290353314D9F5B200ACF7E4;
			remoteInfo = "TBXML-iOSTests";
		};
		9C9C67C71ADAC1B600110CF7 /* PBXContainerItemProxy */ = {
			isa = PBXContainerItemProxy;
			containerPortal = 83ED0A6415040A190096A20C /* TBXML.xcodeproj */;
			proxyType = 1;
			remoteGlobalIDString = 8290352414D9F5B200ACF7E4;
			remoteInfo = "TBXML-iOS";
		};
		9CC6F5091AEC95F200321413 /* PBXContainerItemProxy */ = {
			isa = PBXContainerItemProxy;
			containerPortal = 9CE4EEC614CBA53200DFAD4A /* Project object */;
			proxyType = 1;
			remoteGlobalIDString = 9CC6F5061AEC95F200321413;
			remoteInfo = "color_picker WatchKit App";
		};
		9CC6F5131AEC95F200321413 /* PBXContainerItemProxy */ = {
			isa = PBXContainerItemProxy;
			containerPortal = 9CE4EEC614CBA53200DFAD4A /* Project object */;
			proxyType = 1;
			remoteGlobalIDString = 9CC6F4F81AEC95F200321413;
			remoteInfo = "color_picker WatchKit Extension";
		};
/* End PBXContainerItemProxy section */

/* Begin PBXCopyFilesBuildPhase section */
		9CC6F5231AEC95F200321413 /* Embed App Extensions */ = {
			isa = PBXCopyFilesBuildPhase;
			buildActionMask = 2147483647;
			dstPath = "";
			dstSubfolderSpec = 13;
			files = (
				9CC6F5151AEC95F200321413 /* Color Picker.appex in Embed App Extensions */,
			);
			name = "Embed App Extensions";
			runOnlyForDeploymentPostprocessing = 0;
		};
/* End PBXCopyFilesBuildPhase section */

/* Begin PBXFileReference section */
		83173CD5150FC31500227E21 /* Entitlements.plist */ = {isa = PBXFileReference; fileEncoding = 4; lastKnownFileType = text.plist.xml; path = Entitlements.plist; sourceTree = "<group>"; };
		83201BE91512619700F6CA42 /* lamp icon.png */ = {isa = PBXFileReference; lastKnownFileType = image.png; path = "lamp icon.png"; sourceTree = "<group>"; };
		83B4798815055860002AC1DA /* rainbow_lamp.png */ = {isa = PBXFileReference; lastKnownFileType = image.png; path = rainbow_lamp.png; sourceTree = "<group>"; };
		83B4798915055860002AC1DA /* rainbow_lamp@2x.png */ = {isa = PBXFileReference; lastKnownFileType = image.png; path = "rainbow_lamp@2x.png"; sourceTree = "<group>"; };
		83ED0A6415040A190096A20C /* TBXML.xcodeproj */ = {isa = PBXFileReference; lastKnownFileType = "wrapper.pb-project"; name = TBXML.xcodeproj; path = ../TBXML/TBXML.xcodeproj; sourceTree = "<group>"; };
		83ED0A7C15043D960096A20C /* TBXML+Compression.h */ = {isa = PBXFileReference; lastKnownFileType = sourcecode.c.h; path = "TBXML+Compression.h"; sourceTree = "<group>"; };
		83ED0A7D15043D960096A20C /* TBXML+HTTP.h */ = {isa = PBXFileReference; lastKnownFileType = sourcecode.c.h; path = "TBXML+HTTP.h"; sourceTree = "<group>"; };
		83ED0A7E15043D960096A20C /* TBXML.h */ = {isa = PBXFileReference; lastKnownFileType = sourcecode.c.h; path = TBXML.h; sourceTree = "<group>"; };
		83ED0A8115044B3D0096A20C /* ChooseLightViewController.h */ = {isa = PBXFileReference; fileEncoding = 4; lastKnownFileType = sourcecode.c.h; path = ChooseLightViewController.h; sourceTree = "<group>"; };
		83ED0A8215044B3D0096A20C /* ChooseLightViewController.m */ = {isa = PBXFileReference; fileEncoding = 4; lastKnownFileType = sourcecode.c.objc; path = ChooseLightViewController.m; sourceTree = "<group>"; };
		83ED0A8315044B3D0096A20C /* ChooseLightViewController.xib */ = {isa = PBXFileReference; fileEncoding = 4; lastKnownFileType = file.xib; path = ChooseLightViewController.xib; sourceTree = "<group>"; };
		9C0B7DED17C053B400CB8945 /* PebbleVendor.framework */ = {isa = PBXFileReference; lastKnownFileType = wrapper.framework; path = PebbleVendor.framework; sourceTree = "<group>"; };
		9C0B7DF217C0540F00CB8945 /* PebbleKit.framework */ = {isa = PBXFileReference; lastKnownFileType = wrapper.framework; path = PebbleKit.framework; sourceTree = "<group>"; };
		9C1140C41AEDA85200E3ED92 /* UIColor+Hex.h */ = {isa = PBXFileReference; fileEncoding = 4; lastKnownFileType = sourcecode.c.h; path = "UIColor+Hex.h"; sourceTree = "<group>"; };
		9C1140C51AEDA85200E3ED92 /* UIColor+Hex.m */ = {isa = PBXFileReference; fileEncoding = 4; lastKnownFileType = sourcecode.c.objc; path = "UIColor+Hex.m"; sourceTree = "<group>"; };
		9C6CBD18179211B500D3D21C /* Default-568h@2x.png */ = {isa = PBXFileReference; lastKnownFileType = image.png; path = "Default-568h@2x.png"; sourceTree = "<group>"; };
		9C7451ED1525512A000C8275 /* frame.png */ = {isa = PBXFileReference; lastKnownFileType = image.png; path = frame.png; sourceTree = "<group>"; };
		9C75EBA91AF5774600131679 /* rgb.txt */ = {isa = PBXFileReference; fileEncoding = 4; lastKnownFileType = text; path = rgb.txt; sourceTree = "<group>"; };
		9C75EBAB1AF5778500131679 /* ColorHandler.h */ = {isa = PBXFileReference; fileEncoding = 4; lastKnownFileType = sourcecode.c.h; path = ColorHandler.h; sourceTree = "<group>"; };
		9C75EBAC1AF5778500131679 /* ColorHandler.m */ = {isa = PBXFileReference; fileEncoding = 4; lastKnownFileType = sourcecode.c.objc; path = ColorHandler.m; sourceTree = "<group>"; };
		9C75EBAF1AF5954A00131679 /* SetColorListInterfaceController.h */ = {isa = PBXFileReference; fileEncoding = 4; lastKnownFileType = sourcecode.c.h; path = SetColorListInterfaceController.h; sourceTree = "<group>"; };
		9C75EBB01AF5954A00131679 /* SetColorListInterfaceController.m */ = {isa = PBXFileReference; fileEncoding = 4; lastKnownFileType = sourcecode.c.objc; path = SetColorListInterfaceController.m; sourceTree = "<group>"; };
		9C75EBB21AF595FD00131679 /* ColorRow.h */ = {isa = PBXFileReference; fileEncoding = 4; lastKnownFileType = sourcecode.c.h; path = ColorRow.h; sourceTree = "<group>"; };
		9C75EBB31AF595FD00131679 /* ColorRow.m */ = {isa = PBXFileReference; fileEncoding = 4; lastKnownFileType = sourcecode.c.objc; path = ColorRow.m; sourceTree = "<group>"; };
		9C9C67B31ADAC01F00110CF7 /* TBXML.xcodeproj */ = {isa = PBXFileReference; lastKnownFileType = "wrapper.pb-project"; name = TBXML.xcodeproj; path = ../TBXML/TBXML.xcodeproj; sourceTree = "<group>"; };
		9CC6F4F91AEC95F200321413 /* Color Picker.appex */ = {isa = PBXFileReference; explicitFileType = "wrapper.app-extension"; includeInIndex = 0; path = "Color Picker.appex"; sourceTree = BUILT_PRODUCTS_DIR; };
		9CC6F4FC1AEC95F200321413 /* Info.plist */ = {isa = PBXFileReference; lastKnownFileType = text.plist.xml; path = Info.plist; sourceTree = "<group>"; };
		9CC6F4FD1AEC95F200321413 /* LightListInterfaceController.h */ = {isa = PBXFileReference; lastKnownFileType = sourcecode.c.h; path = LightListInterfaceController.h; sourceTree = "<group>"; };
		9CC6F4FE1AEC95F200321413 /* LightListInterfaceController.m */ = {isa = PBXFileReference; lastKnownFileType = sourcecode.c.objc; path = LightListInterfaceController.m; sourceTree = "<group>"; };
		9CC6F5001AEC95F200321413 /* GlanceController.h */ = {isa = PBXFileReference; lastKnownFileType = sourcecode.c.h; path = GlanceController.h; sourceTree = "<group>"; };
		9CC6F5011AEC95F200321413 /* GlanceController.m */ = {isa = PBXFileReference; lastKnownFileType = sourcecode.c.objc; path = GlanceController.m; sourceTree = "<group>"; };
		9CC6F5031AEC95F200321413 /* Images.xcassets */ = {isa = PBXFileReference; lastKnownFileType = folder.assetcatalog; path = Images.xcassets; sourceTree = "<group>"; };
		9CC6F5071AEC95F200321413 /* Color Picker.app */ = {isa = PBXFileReference; explicitFileType = wrapper.application; includeInIndex = 0; path = "Color Picker.app"; sourceTree = BUILT_PRODUCTS_DIR; };
		9CC6F50D1AEC95F200321413 /* Info.plist */ = {isa = PBXFileReference; lastKnownFileType = text.plist.xml; path = Info.plist; sourceTree = "<group>"; };
		9CC6F50F1AEC95F200321413 /* Base */ = {isa = PBXFileReference; lastKnownFileType = file.storyboard; name = Base; path = Base.lproj/Interface.storyboard; sourceTree = "<group>"; };
		9CC6F5111AEC95F200321413 /* Images.xcassets */ = {isa = PBXFileReference; lastKnownFileType = folder.assetcatalog; path = Images.xcassets; sourceTree = "<group>"; };
		9CC6F5241AEC9BD100321413 /* SetColorInterfaceController.h */ = {isa = PBXFileReference; fileEncoding = 4; lastKnownFileType = sourcecode.c.h; path = SetColorInterfaceController.h; sourceTree = "<group>"; };
		9CC6F5251AEC9BD100321413 /* SetColorInterfaceController.m */ = {isa = PBXFileReference; fileEncoding = 4; lastKnownFileType = sourcecode.c.objc; path = SetColorInterfaceController.m; sourceTree = "<group>"; };
		9CC6F5271AEC9C6200321413 /* LampRow.h */ = {isa = PBXFileReference; fileEncoding = 4; lastKnownFileType = sourcecode.c.h; path = LampRow.h; sourceTree = "<group>"; };
		9CC6F5281AEC9C6200321413 /* LampRow.m */ = {isa = PBXFileReference; fileEncoding = 4; lastKnownFileType = sourcecode.c.objc; path = LampRow.m; sourceTree = "<group>"; };
		9CC6F52A1AEC9C7100321413 /* ErrorRow.h */ = {isa = PBXFileReference; fileEncoding = 4; lastKnownFileType = sourcecode.c.h; path = ErrorRow.h; sourceTree = "<group>"; };
		9CC6F52B1AEC9C7100321413 /* ErrorRow.m */ = {isa = PBXFileReference; fileEncoding = 4; lastKnownFileType = sourcecode.c.objc; path = ErrorRow.m; sourceTree = "<group>"; };
		9CE4EECF14CBA53300DFAD4A /* color_picker.app */ = {isa = PBXFileReference; explicitFileType = wrapper.application; includeInIndex = 0; path = color_picker.app; sourceTree = BUILT_PRODUCTS_DIR; };
		9CE4EED314CBA53300DFAD4A /* UIKit.framework */ = {isa = PBXFileReference; lastKnownFileType = wrapper.framework; name = UIKit.framework; path = System/Library/Frameworks/UIKit.framework; sourceTree = SDKROOT; };
		9CE4EED514CBA53300DFAD4A /* Foundation.framework */ = {isa = PBXFileReference; lastKnownFileType = wrapper.framework; name = Foundation.framework; path = System/Library/Frameworks/Foundation.framework; sourceTree = SDKROOT; };
		9CE4EED714CBA53300DFAD4A /* CoreGraphics.framework */ = {isa = PBXFileReference; lastKnownFileType = wrapper.framework; name = CoreGraphics.framework; path = System/Library/Frameworks/CoreGraphics.framework; sourceTree = SDKROOT; };
		9CE4EEDB14CBA53300DFAD4A /* color_picker-Info.plist */ = {isa = PBXFileReference; lastKnownFileType = text.plist.xml; path = "color_picker-Info.plist"; sourceTree = "<group>"; };
		9CE4EEDD14CBA53300DFAD4A /* en */ = {isa = PBXFileReference; lastKnownFileType = text.plist.strings; name = en; path = en.lproj/InfoPlist.strings; sourceTree = "<group>"; };
		9CE4EEDF14CBA53300DFAD4A /* main.m */ = {isa = PBXFileReference; lastKnownFileType = sourcecode.c.objc; path = main.m; sourceTree = "<group>"; };
		9CE4EEE114CBA53300DFAD4A /* color_picker-Prefix.pch */ = {isa = PBXFileReference; lastKnownFileType = sourcecode.c.h; path = "color_picker-Prefix.pch"; sourceTree = "<group>"; };
		9CE4EEE214CBA53300DFAD4A /* com_robertdiamondAppDelegate.h */ = {isa = PBXFileReference; lastKnownFileType = sourcecode.c.h; path = com_robertdiamondAppDelegate.h; sourceTree = "<group>"; };
		9CE4EEE314CBA53300DFAD4A /* com_robertdiamondAppDelegate.m */ = {isa = PBXFileReference; lastKnownFileType = sourcecode.c.objc; path = com_robertdiamondAppDelegate.m; sourceTree = "<group>"; };
		9CE4EEF514CBA64E00DFAD4A /* bar_select.png */ = {isa = PBXFileReference; lastKnownFileType = image.png; path = bar_select.png; sourceTree = "<group>"; };
		9CE4EEF614CBA64E00DFAD4A /* colormap.png */ = {isa = PBXFileReference; lastKnownFileType = image.png; path = colormap.png; sourceTree = "<group>"; };
		9CE4EEF714CBA64E00DFAD4A /* crosshair.png */ = {isa = PBXFileReference; lastKnownFileType = image.png; path = crosshair.png; sourceTree = "<group>"; };
		9CE4EF0414CBA68200DFAD4A /* ColorPickerView.h */ = {isa = PBXFileReference; fileEncoding = 4; lastKnownFileType = sourcecode.c.h; path = ColorPickerView.h; sourceTree = "<group>"; };
		9CE4EF0514CBA68200DFAD4A /* ColorPickerView.m */ = {isa = PBXFileReference; fileEncoding = 4; lastKnownFileType = sourcecode.c.objc; path = ColorPickerView.m; sourceTree = "<group>"; };
		9CE4EF0614CBA68200DFAD4A /* ColorPickerViewController.h */ = {isa = PBXFileReference; fileEncoding = 4; lastKnownFileType = sourcecode.c.h; path = ColorPickerViewController.h; sourceTree = "<group>"; };
		9CE4EF0714CBA68200DFAD4A /* ColorPickerViewController.m */ = {isa = PBXFileReference; fileEncoding = 4; lastKnownFileType = sourcecode.c.objc; path = ColorPickerViewController.m; sourceTree = "<group>"; };
		9CE4EF0814CBA68200DFAD4A /* ColorSwatchView.h */ = {isa = PBXFileReference; fileEncoding = 4; lastKnownFileType = sourcecode.c.h; path = ColorSwatchView.h; sourceTree = "<group>"; };
		9CE4EF0914CBA68200DFAD4A /* ColorSwatchView.m */ = {isa = PBXFileReference; fileEncoding = 4; lastKnownFileType = sourcecode.c.objc; path = ColorSwatchView.m; sourceTree = "<group>"; };
		9CE4EF0A14CBA68200DFAD4A /* Constants.h */ = {isa = PBXFileReference; fileEncoding = 4; lastKnownFileType = sourcecode.c.h; path = Constants.h; sourceTree = "<group>"; };
		9CE4EF0B14CBA68200DFAD4A /* GradientView.h */ = {isa = PBXFileReference; fileEncoding = 4; lastKnownFileType = sourcecode.c.h; path = GradientView.h; sourceTree = "<group>"; };
		9CE4EF0C14CBA68200DFAD4A /* GradientView.m */ = {isa = PBXFileReference; fileEncoding = 4; lastKnownFileType = sourcecode.c.objc; path = GradientView.m; sourceTree = "<group>"; };
		9CE4EF0D14CBA68200DFAD4A /* UIColor-Expanded.h */ = {isa = PBXFileReference; fileEncoding = 4; lastKnownFileType = sourcecode.c.h; path = "UIColor-Expanded.h"; sourceTree = "<group>"; };
		9CE4EF0E14CBA68200DFAD4A /* UIColor-Expanded.m */ = {isa = PBXFileReference; fileEncoding = 4; lastKnownFileType = sourcecode.c.objc; path = "UIColor-Expanded.m"; sourceTree = "<group>"; };
		9CE4EF0F14CBA68200DFAD4A /* UIColor-HSVAdditions.h */ = {isa = PBXFileReference; fileEncoding = 4; lastKnownFileType = sourcecode.c.h; path = "UIColor-HSVAdditions.h"; sourceTree = "<group>"; };
		9CE4EF1014CBA68200DFAD4A /* UIColor-HSVAdditions.m */ = {isa = PBXFileReference; fileEncoding = 4; lastKnownFileType = sourcecode.c.objc; path = "UIColor-HSVAdditions.m"; sourceTree = "<group>"; };
		9CE4EF1914CBA74100DFAD4A /* ColorPickerViewController.xib */ = {isa = PBXFileReference; fileEncoding = 4; lastKnownFileType = file.xib; path = ColorPickerViewController.xib; sourceTree = "<group>"; };
		9CE4EF1B14CBB22700DFAD4A /* Settings.bundle */ = {isa = PBXFileReference; lastKnownFileType = "wrapper.plug-in"; path = Settings.bundle; sourceTree = "<group>"; };
		9CEEB792153202D100A7DBB8 /* ConnectportDiscovery.h */ = {isa = PBXFileReference; fileEncoding = 4; lastKnownFileType = sourcecode.c.h; path = ConnectportDiscovery.h; sourceTree = "<group>"; };
		9CEEB793153202D100A7DBB8 /* ConnectportDiscovery.m */ = {isa = PBXFileReference; fileEncoding = 4; lastKnownFileType = sourcecode.c.objc; path = ConnectportDiscovery.m; sourceTree = "<group>"; };
		9CEEB79615320ACB00A7DBB8 /* ADDPPacket.h */ = {isa = PBXFileReference; fileEncoding = 4; lastKnownFileType = sourcecode.c.h; path = ADDPPacket.h; sourceTree = "<group>"; };
		9CEEB79715320ACB00A7DBB8 /* ADDPPacket.m */ = {isa = PBXFileReference; fileEncoding = 4; lastKnownFileType = sourcecode.c.objc; path = ADDPPacket.m; sourceTree = "<group>"; };
		9CEEB79A1532265F00A7DBB8 /* rainbow_lamp_ipad.png */ = {isa = PBXFileReference; lastKnownFileType = image.png; path = rainbow_lamp_ipad.png; sourceTree = "<group>"; };
/* End PBXFileReference section */

/* Begin PBXFrameworksBuildPhase section */
		9CC6F4F61AEC95F200321413 /* Frameworks */ = {
			isa = PBXFrameworksBuildPhase;
			buildActionMask = 2147483647;
			files = (
			);
			runOnlyForDeploymentPostprocessing = 0;
		};
		9CE4EECC14CBA53300DFAD4A /* Frameworks */ = {
			isa = PBXFrameworksBuildPhase;
			buildActionMask = 2147483647;
			files = (
				9C9C67C61ADAC19500110CF7 /* libTBXML-iOS.a in Frameworks */,
				9CE4EED414CBA53300DFAD4A /* UIKit.framework in Frameworks */,
				9CE4EED614CBA53300DFAD4A /* Foundation.framework in Frameworks */,
				9CE4EED814CBA53300DFAD4A /* CoreGraphics.framework in Frameworks */,
			);
			runOnlyForDeploymentPostprocessing = 0;
		};
/* End PBXFrameworksBuildPhase section */

/* Begin PBXGroup section */
		83ED0A6515040A190096A20C /* Products */ = {
			isa = PBXGroup;
			children = (
				83ED0A6F15040A190096A20C /* libTBXML.a */,
				83ED0A7115040A190096A20C /* TBXMLTests.octest */,
				83ED0A7315040A190096A20C /* libTBXML-iOS.a */,
				83ED0A7515040A190096A20C /* TBXML-iOSTests.octest */,
			);
			name = Products;
			sourceTree = "<group>";
		};
		83ED0A7B15043D960096A20C /* TBXML-Headers */ = {
			isa = PBXGroup;
			children = (
				83ED0A7C15043D960096A20C /* TBXML+Compression.h */,
				83ED0A7D15043D960096A20C /* TBXML+HTTP.h */,
				83ED0A7E15043D960096A20C /* TBXML.h */,
			);
			name = "TBXML-Headers";
			path = "../TBXML/TBXML-Headers";
			sourceTree = "<group>";
		};
		9C1140C31AEDA80A00E3ED92 /* Extensions */ = {
			isa = PBXGroup;
			children = (
				9C1140C41AEDA85200E3ED92 /* UIColor+Hex.h */,
				9C1140C51AEDA85200E3ED92 /* UIColor+Hex.m */,
			);
			path = Extensions;
			sourceTree = "<group>";
		};
		9C9C67B41ADAC01F00110CF7 /* Products */ = {
			isa = PBXGroup;
			children = (
				9C9C67BE1ADAC01F00110CF7 /* libTBXML.a */,
				9C9C67C01ADAC01F00110CF7 /* TBXMLTests.octest */,
				9C9C67C21ADAC01F00110CF7 /* libTBXML-iOS.a */,
				9C9C67C41ADAC01F00110CF7 /* TBXML-iOSTests.octest */,
			);
			name = Products;
			sourceTree = "<group>";
		};
		9CC6F4FA1AEC95F200321413 /* color_picker WatchKit Extension */ = {
			isa = PBXGroup;
			children = (
				9CC6F4FD1AEC95F200321413 /* LightListInterfaceController.h */,
				9CC6F4FE1AEC95F200321413 /* LightListInterfaceController.m */,
				9CC6F5001AEC95F200321413 /* GlanceController.h */,
				9CC6F5011AEC95F200321413 /* GlanceController.m */,
				9CC6F5031AEC95F200321413 /* Images.xcassets */,
				9CC6F4FB1AEC95F200321413 /* Supporting Files */,
				9CC6F5241AEC9BD100321413 /* SetColorInterfaceController.h */,
				9CC6F5251AEC9BD100321413 /* SetColorInterfaceController.m */,
				9CC6F5271AEC9C6200321413 /* LampRow.h */,
				9CC6F5281AEC9C6200321413 /* LampRow.m */,
				9CC6F52A1AEC9C7100321413 /* ErrorRow.h */,
				9CC6F52B1AEC9C7100321413 /* ErrorRow.m */,
				9C75EBAF1AF5954A00131679 /* SetColorListInterfaceController.h */,
				9C75EBB01AF5954A00131679 /* SetColorListInterfaceController.m */,
				9C75EBB21AF595FD00131679 /* ColorRow.h */,
				9C75EBB31AF595FD00131679 /* ColorRow.m */,
			);
			path = "color_picker WatchKit Extension";
			sourceTree = "<group>";
		};
		9CC6F4FB1AEC95F200321413 /* Supporting Files */ = {
			isa = PBXGroup;
			children = (
				9CC6F4FC1AEC95F200321413 /* Info.plist */,
			);
			name = "Supporting Files";
			sourceTree = "<group>";
		};
		9CC6F50B1AEC95F200321413 /* color_picker WatchKit App */ = {
			isa = PBXGroup;
			children = (
				9CC6F50E1AEC95F200321413 /* Interface.storyboard */,
				9CC6F5111AEC95F200321413 /* Images.xcassets */,
				9CC6F50C1AEC95F200321413 /* Supporting Files */,
			);
			path = "color_picker WatchKit App";
			sourceTree = "<group>";
		};
		9CC6F50C1AEC95F200321413 /* Supporting Files */ = {
			isa = PBXGroup;
			children = (
				9CC6F50D1AEC95F200321413 /* Info.plist */,
			);
			name = "Supporting Files";
			sourceTree = "<group>";
		};
		9CE4EEC414CBA53200DFAD4A = {
			isa = PBXGroup;
			children = (
				9C9C67B31ADAC01F00110CF7 /* TBXML.xcodeproj */,
				9C6CBD18179211B500D3D21C /* Default-568h@2x.png */,
				83ED0A7B15043D960096A20C /* TBXML-Headers */,
				9CE4EED914CBA53300DFAD4A /* color_picker */,
				9CC6F4FA1AEC95F200321413 /* color_picker WatchKit Extension */,
				9CC6F50B1AEC95F200321413 /* color_picker WatchKit App */,
				9CE4EED214CBA53300DFAD4A /* Frameworks */,
				9CE4EED014CBA53300DFAD4A /* Products */,
			);
			sourceTree = "<group>";
		};
		9CE4EED014CBA53300DFAD4A /* Products */ = {
			isa = PBXGroup;
			children = (
				9CE4EECF14CBA53300DFAD4A /* color_picker.app */,
				9CC6F4F91AEC95F200321413 /* Color Picker.appex */,
				9CC6F5071AEC95F200321413 /* Color Picker.app */,
			);
			name = Products;
			sourceTree = "<group>";
		};
		9CE4EED214CBA53300DFAD4A /* Frameworks */ = {
			isa = PBXGroup;
			children = (
				9C0B7DF217C0540F00CB8945 /* PebbleKit.framework */,
				9C0B7DED17C053B400CB8945 /* PebbleVendor.framework */,
				83ED0A6415040A190096A20C /* TBXML.xcodeproj */,
				9CE4EED314CBA53300DFAD4A /* UIKit.framework */,
				9CE4EED514CBA53300DFAD4A /* Foundation.framework */,
				9CE4EED714CBA53300DFAD4A /* CoreGraphics.framework */,
			);
			name = Frameworks;
			sourceTree = "<group>";
		};
		9CE4EED914CBA53300DFAD4A /* color_picker */ = {
			isa = PBXGroup;
			children = (
				9C75EBA91AF5774600131679 /* rgb.txt */,
				9C1140C31AEDA80A00E3ED92 /* Extensions */,
				9CE4EEFF14CBA68200DFAD4A /* Classes */,
				9CE4EEE214CBA53300DFAD4A /* com_robertdiamondAppDelegate.h */,
				9CE4EEE314CBA53300DFAD4A /* com_robertdiamondAppDelegate.m */,
				9CE4EEDA14CBA53300DFAD4A /* Supporting Files */,
			);
			path = color_picker;
			sourceTree = "<group>";
		};
		9CE4EEDA14CBA53300DFAD4A /* Supporting Files */ = {
			isa = PBXGroup;
			children = (
				9C7451ED1525512A000C8275 /* frame.png */,
				83201BE91512619700F6CA42 /* lamp icon.png */,
				83173CD5150FC31500227E21 /* Entitlements.plist */,
				83B4798815055860002AC1DA /* rainbow_lamp.png */,
				83B4798915055860002AC1DA /* rainbow_lamp@2x.png */,
				9CEEB79A1532265F00A7DBB8 /* rainbow_lamp_ipad.png */,
				9CE4EEF414CBA64E00DFAD4A /* UI Parts */,
				9CE4EEDB14CBA53300DFAD4A /* color_picker-Info.plist */,
				9CE4EEDC14CBA53300DFAD4A /* InfoPlist.strings */,
				9CE4EEDF14CBA53300DFAD4A /* main.m */,
				9CE4EEE114CBA53300DFAD4A /* color_picker-Prefix.pch */,
				9CE4EF1B14CBB22700DFAD4A /* Settings.bundle */,
			);
			name = "Supporting Files";
			sourceTree = "<group>";
		};
		9CE4EEF414CBA64E00DFAD4A /* UI Parts */ = {
			isa = PBXGroup;
			children = (
				9CE4EEF514CBA64E00DFAD4A /* bar_select.png */,
				9CE4EEF614CBA64E00DFAD4A /* colormap.png */,
				9CE4EEF714CBA64E00DFAD4A /* crosshair.png */,
			);
			path = "UI Parts";
			sourceTree = "<group>";
		};
		9CE4EEFF14CBA68200DFAD4A /* Classes */ = {
			isa = PBXGroup;
			children = (
				9CEEB795153208FB00A7DBB8 /* Digi */,
				9CE4EF1914CBA74100DFAD4A /* ColorPickerViewController.xib */,
				9CE4EF0414CBA68200DFAD4A /* ColorPickerView.h */,
				9CE4EF0514CBA68200DFAD4A /* ColorPickerView.m */,
				9CE4EF0614CBA68200DFAD4A /* ColorPickerViewController.h */,
				9CE4EF0714CBA68200DFAD4A /* ColorPickerViewController.m */,
				9CE4EF0814CBA68200DFAD4A /* ColorSwatchView.h */,
				9CE4EF0914CBA68200DFAD4A /* ColorSwatchView.m */,
				9CE4EF0A14CBA68200DFAD4A /* Constants.h */,
				9CE4EF0B14CBA68200DFAD4A /* GradientView.h */,
				9CE4EF0C14CBA68200DFAD4A /* GradientView.m */,
				9CE4EF0D14CBA68200DFAD4A /* UIColor-Expanded.h */,
				9CE4EF0E14CBA68200DFAD4A /* UIColor-Expanded.m */,
				9CE4EF0F14CBA68200DFAD4A /* UIColor-HSVAdditions.h */,
				9CE4EF1014CBA68200DFAD4A /* UIColor-HSVAdditions.m */,
				83ED0A8115044B3D0096A20C /* ChooseLightViewController.h */,
				83ED0A8215044B3D0096A20C /* ChooseLightViewController.m */,
				83ED0A8315044B3D0096A20C /* ChooseLightViewController.xib */,
				9C75EBAB1AF5778500131679 /* ColorHandler.h */,
				9C75EBAC1AF5778500131679 /* ColorHandler.m */,
			);
			path = Classes;
			sourceTree = "<group>";
		};
		9CEEB795153208FB00A7DBB8 /* Digi */ = {
			isa = PBXGroup;
			children = (
				9CEEB792153202D100A7DBB8 /* ConnectportDiscovery.h */,
				9CEEB793153202D100A7DBB8 /* ConnectportDiscovery.m */,
				9CEEB79615320ACB00A7DBB8 /* ADDPPacket.h */,
				9CEEB79715320ACB00A7DBB8 /* ADDPPacket.m */,
			);
			name = Digi;
			sourceTree = "<group>";
		};
/* End PBXGroup section */

/* Begin PBXNativeTarget section */
		9CC6F4F81AEC95F200321413 /* color_picker WatchKit Extension */ = {
			isa = PBXNativeTarget;
			buildConfigurationList = 9CC6F5221AEC95F200321413 /* Build configuration list for PBXNativeTarget "color_picker WatchKit Extension" */;
			buildPhases = (
				9CC6F4F51AEC95F200321413 /* Sources */,
				9CC6F4F61AEC95F200321413 /* Frameworks */,
				9CC6F4F71AEC95F200321413 /* Resources */,
			);
			buildRules = (
			);
			dependencies = (
				9CC6F50A1AEC95F200321413 /* PBXTargetDependency */,
			);
			name = "color_picker WatchKit Extension";
			productName = "color_picker WatchKit Extension";
			productReference = 9CC6F4F91AEC95F200321413 /* Color Picker.appex */;
			productType = "com.apple.product-type.watchkit-extension";
		};
		9CC6F5061AEC95F200321413 /* color_picker WatchKit App */ = {
			isa = PBXNativeTarget;
			buildConfigurationList = 9CC6F5211AEC95F200321413 /* Build configuration list for PBXNativeTarget "color_picker WatchKit App" */;
			buildPhases = (
				9CC6F5051AEC95F200321413 /* Resources */,
			);
			buildRules = (
			);
			dependencies = (
			);
			name = "color_picker WatchKit App";
			productName = "color_picker WatchKit App";
			productReference = 9CC6F5071AEC95F200321413 /* Color Picker.app */;
			productType = "com.apple.product-type.application.watchapp";
		};
		9CE4EECE14CBA53300DFAD4A /* color_picker */ = {
			isa = PBXNativeTarget;
			buildConfigurationList = 9CE4EEED14CBA53300DFAD4A /* Build configuration list for PBXNativeTarget "color_picker" */;
			buildPhases = (
				9CE4EECB14CBA53300DFAD4A /* Sources */,
				9CE4EECC14CBA53300DFAD4A /* Frameworks */,
				9CE4EECD14CBA53300DFAD4A /* Resources */,
				9CC6F5231AEC95F200321413 /* Embed App Extensions */,
			);
			buildRules = (
			);
			dependencies = (
				9C9C67C81ADAC1B600110CF7 /* PBXTargetDependency */,
				9CC6F5141AEC95F200321413 /* PBXTargetDependency */,
			);
			name = color_picker;
			productName = color_picker;
			productReference = 9CE4EECF14CBA53300DFAD4A /* color_picker.app */;
			productType = "com.apple.product-type.application";
		};
/* End PBXNativeTarget section */

/* Begin PBXProject section */
		9CE4EEC614CBA53200DFAD4A /* Project object */ = {
			isa = PBXProject;
			attributes = {
				LastUpgradeCheck = 0630;
				TargetAttributes = {
					9CC6F4F81AEC95F200321413 = {
						CreatedOnToolsVersion = 6.3.1;
						DevelopmentTeam = QVSQY52MWK;
					};
					9CC6F5061AEC95F200321413 = {
						CreatedOnToolsVersion = 6.3.1;
						DevelopmentTeam = QVSQY52MWK;
					};
					9CE4EECE14CBA53300DFAD4A = {
						DevelopmentTeam = QVSQY52MWK;
					};
				};
			};
			buildConfigurationList = 9CE4EEC914CBA53200DFAD4A /* Build configuration list for PBXProject "color_picker" */;
			compatibilityVersion = "Xcode 3.2";
			developmentRegion = English;
			hasScannedForEncodings = 0;
			knownRegions = (
				en,
				Base,
			);
			mainGroup = 9CE4EEC414CBA53200DFAD4A;
			productRefGroup = 9CE4EED014CBA53300DFAD4A /* Products */;
			projectDirPath = "";
			projectReferences = (
				{
					ProductGroup = 83ED0A6515040A190096A20C /* Products */;
					ProjectRef = 83ED0A6415040A190096A20C /* TBXML.xcodeproj */;
				},
				{
					ProductGroup = 9C9C67B41ADAC01F00110CF7 /* Products */;
					ProjectRef = 9C9C67B31ADAC01F00110CF7 /* TBXML.xcodeproj */;
				},
			);
			projectRoot = "";
			targets = (
				9CE4EECE14CBA53300DFAD4A /* color_picker */,
				9CC6F4F81AEC95F200321413 /* color_picker WatchKit Extension */,
				9CC6F5061AEC95F200321413 /* color_picker WatchKit App */,
			);
		};
/* End PBXProject section */

/* Begin PBXReferenceProxy section */
		83ED0A6F15040A190096A20C /* libTBXML.a */ = {
			isa = PBXReferenceProxy;
			fileType = archive.ar;
			path = libTBXML.a;
			remoteRef = 83ED0A6E15040A190096A20C /* PBXContainerItemProxy */;
			sourceTree = BUILT_PRODUCTS_DIR;
		};
		83ED0A7115040A190096A20C /* TBXMLTests.octest */ = {
			isa = PBXReferenceProxy;
			fileType = wrapper.cfbundle;
			path = TBXMLTests.octest;
			remoteRef = 83ED0A7015040A190096A20C /* PBXContainerItemProxy */;
			sourceTree = BUILT_PRODUCTS_DIR;
		};
		83ED0A7315040A190096A20C /* libTBXML-iOS.a */ = {
			isa = PBXReferenceProxy;
			fileType = archive.ar;
			path = "libTBXML-iOS.a";
			remoteRef = 83ED0A7215040A190096A20C /* PBXContainerItemProxy */;
			sourceTree = BUILT_PRODUCTS_DIR;
		};
		83ED0A7515040A190096A20C /* TBXML-iOSTests.octest */ = {
			isa = PBXReferenceProxy;
			fileType = wrapper.cfbundle;
			path = "TBXML-iOSTests.octest";
			remoteRef = 83ED0A7415040A190096A20C /* PBXContainerItemProxy */;
			sourceTree = BUILT_PRODUCTS_DIR;
		};
		9C9C67BE1ADAC01F00110CF7 /* libTBXML.a */ = {
			isa = PBXReferenceProxy;
			fileType = archive.ar;
			path = libTBXML.a;
			remoteRef = 9C9C67BD1ADAC01F00110CF7 /* PBXContainerItemProxy */;
			sourceTree = BUILT_PRODUCTS_DIR;
		};
		9C9C67C01ADAC01F00110CF7 /* TBXMLTests.octest */ = {
			isa = PBXReferenceProxy;
			fileType = wrapper.cfbundle;
			path = TBXMLTests.octest;
			remoteRef = 9C9C67BF1ADAC01F00110CF7 /* PBXContainerItemProxy */;
			sourceTree = BUILT_PRODUCTS_DIR;
		};
		9C9C67C21ADAC01F00110CF7 /* libTBXML-iOS.a */ = {
			isa = PBXReferenceProxy;
			fileType = archive.ar;
			path = "libTBXML-iOS.a";
			remoteRef = 9C9C67C11ADAC01F00110CF7 /* PBXContainerItemProxy */;
			sourceTree = BUILT_PRODUCTS_DIR;
		};
		9C9C67C41ADAC01F00110CF7 /* TBXML-iOSTests.octest */ = {
			isa = PBXReferenceProxy;
			fileType = wrapper.cfbundle;
			path = "TBXML-iOSTests.octest";
			remoteRef = 9C9C67C31ADAC01F00110CF7 /* PBXContainerItemProxy */;
			sourceTree = BUILT_PRODUCTS_DIR;
		};
/* End PBXReferenceProxy section */

/* Begin PBXResourcesBuildPhase section */
		9CC6F4F71AEC95F200321413 /* Resources */ = {
			isa = PBXResourcesBuildPhase;
			buildActionMask = 2147483647;
			files = (
				9C75EBB51AF59A9700131679 /* rgb.txt in Resources */,
				9CC6F5081AEC95F200321413 /* Color Picker.app in Resources */,
				9CC6F5041AEC95F200321413 /* Images.xcassets in Resources */,
			);
			runOnlyForDeploymentPostprocessing = 0;
		};
		9CC6F5051AEC95F200321413 /* Resources */ = {
			isa = PBXResourcesBuildPhase;
			buildActionMask = 2147483647;
			files = (
				9CC6F5101AEC95F200321413 /* Interface.storyboard in Resources */,
				9CC6F5121AEC95F200321413 /* Images.xcassets in Resources */,
			);
			runOnlyForDeploymentPostprocessing = 0;
		};
		9CE4EECD14CBA53300DFAD4A /* Resources */ = {
			isa = PBXResourcesBuildPhase;
			buildActionMask = 2147483647;
			files = (
				9CE4EEDE14CBA53300DFAD4A /* InfoPlist.strings in Resources */,
				9CE4EEFA14CBA64E00DFAD4A /* bar_select.png in Resources */,
				9CE4EEFB14CBA64E00DFAD4A /* colormap.png in Resources */,
				9CE4EEFC14CBA64E00DFAD4A /* crosshair.png in Resources */,
				9CE4EF1A14CBA74100DFAD4A /* ColorPickerViewController.xib in Resources */,
				9C6CBD19179211B500D3D21C /* Default-568h@2x.png in Resources */,
				9CE4EF1C14CBB22700DFAD4A /* Settings.bundle in Resources */,
				83ED0A8615044B3D0096A20C /* ChooseLightViewController.xib in Resources */,
				83B4798A15055860002AC1DA /* rainbow_lamp.png in Resources */,
				83B4798B15055860002AC1DA /* rainbow_lamp@2x.png in Resources */,
				83173CD6150FC31500227E21 /* Entitlements.plist in Resources */,
				83201BEA1512619700F6CA42 /* lamp icon.png in Resources */,
				9C75EBAA1AF5774600131679 /* rgb.txt in Resources */,
				9C7451EE1525512A000C8275 /* frame.png in Resources */,
				9CEEB79B1532265F00A7DBB8 /* rainbow_lamp_ipad.png in Resources */,
			);
			runOnlyForDeploymentPostprocessing = 0;
		};
/* End PBXResourcesBuildPhase section */

/* Begin PBXSourcesBuildPhase section */
		9CC6F4F51AEC95F200321413 /* Sources */ = {
			isa = PBXSourcesBuildPhase;
			buildActionMask = 2147483647;
			files = (
				9C75EBB11AF5954A00131679 /* SetColorListInterfaceController.m in Sources */,
				9CC6F5261AEC9BD100321413 /* SetColorInterfaceController.m in Sources */,
				9C1140C71AEDA93700E3ED92 /* UIColor+Hex.m in Sources */,
				9CC6F4FF1AEC95F200321413 /* LightListInterfaceController.m in Sources */,
				9CC6F5291AEC9C6200321413 /* LampRow.m in Sources */,
				9C75EBAE1AF58A9700131679 /* ColorHandler.m in Sources */,
				9C75EBB41AF595FD00131679 /* ColorRow.m in Sources */,
				9CC6F52C1AEC9C7100321413 /* ErrorRow.m in Sources */,
				9CC6F5021AEC95F200321413 /* GlanceController.m in Sources */,
			);
			runOnlyForDeploymentPostprocessing = 0;
		};
		9CE4EECB14CBA53300DFAD4A /* Sources */ = {
			isa = PBXSourcesBuildPhase;
			buildActionMask = 2147483647;
			files = (
				9CE4EEE014CBA53300DFAD4A /* main.m in Sources */,
				9C75EBAD1AF5778500131679 /* ColorHandler.m in Sources */,
				9C1140C61AEDA85200E3ED92 /* UIColor+Hex.m in Sources */,
				9CE4EEE414CBA53300DFAD4A /* com_robertdiamondAppDelegate.m in Sources */,
				9CE4EF1314CBA68200DFAD4A /* ColorPickerView.m in Sources */,
				9CE4EF1414CBA68200DFAD4A /* ColorPickerViewController.m in Sources */,
				9CE4EF1514CBA68200DFAD4A /* ColorSwatchView.m in Sources */,
				9CE4EF1614CBA68200DFAD4A /* GradientView.m in Sources */,
				9CE4EF1714CBA68200DFAD4A /* UIColor-Expanded.m in Sources */,
				9CE4EF1814CBA68200DFAD4A /* UIColor-HSVAdditions.m in Sources */,
				83ED0A8515044B3D0096A20C /* ChooseLightViewController.m in Sources */,
				9CEEB794153202D100A7DBB8 /* ConnectportDiscovery.m in Sources */,
				9CEEB79815320ACB00A7DBB8 /* ADDPPacket.m in Sources */,
			);
			runOnlyForDeploymentPostprocessing = 0;
		};
/* End PBXSourcesBuildPhase section */

/* Begin PBXTargetDependency section */
		9C9C67C81ADAC1B600110CF7 /* PBXTargetDependency */ = {
			isa = PBXTargetDependency;
			name = "TBXML-iOS";
			targetProxy = 9C9C67C71ADAC1B600110CF7 /* PBXContainerItemProxy */;
		};
		9CC6F50A1AEC95F200321413 /* PBXTargetDependency */ = {
			isa = PBXTargetDependency;
			target = 9CC6F5061AEC95F200321413 /* color_picker WatchKit App */;
			targetProxy = 9CC6F5091AEC95F200321413 /* PBXContainerItemProxy */;
		};
		9CC6F5141AEC95F200321413 /* PBXTargetDependency */ = {
			isa = PBXTargetDependency;
			target = 9CC6F4F81AEC95F200321413 /* color_picker WatchKit Extension */;
			targetProxy = 9CC6F5131AEC95F200321413 /* PBXContainerItemProxy */;
		};
/* End PBXTargetDependency section */

/* Begin PBXVariantGroup section */
		9CC6F50E1AEC95F200321413 /* Interface.storyboard */ = {
			isa = PBXVariantGroup;
			children = (
				9CC6F50F1AEC95F200321413 /* Base */,
			);
			name = Interface.storyboard;
			sourceTree = "<group>";
		};
		9CE4EEDC14CBA53300DFAD4A /* InfoPlist.strings */ = {
			isa = PBXVariantGroup;
			children = (
				9CE4EEDD14CBA53300DFAD4A /* en */,
			);
			name = InfoPlist.strings;
			sourceTree = "<group>";
		};
/* End PBXVariantGroup section */

/* Begin XCBuildConfiguration section */
		9CC6F5161AEC95F200321413 /* Debug */ = {
			isa = XCBuildConfiguration;
			buildSettings = {
				CLANG_CXX_LANGUAGE_STANDARD = "gnu++0x";
				CLANG_CXX_LIBRARY = "libc++";
				CLANG_ENABLE_MODULES = YES;
				CLANG_ENABLE_OBJC_ARC = YES;
				CLANG_WARN_DIRECT_OBJC_ISA_USAGE = YES_ERROR;
				CLANG_WARN_OBJC_ROOT_CLASS = YES_ERROR;
				CODE_SIGN_IDENTITY = "iPhone Developer";
				"CODE_SIGN_IDENTITY[sdk=iphoneos*]" = "iPhone Developer";
				DEBUG_INFORMATION_FORMAT = "dwarf-with-dsym";
				GCC_PREPROCESSOR_DEFINITIONS = (
					"DEBUG=1",
					"$(inherited)",
				);
				GCC_WARN_ABOUT_RETURN_TYPE = YES_ERROR;
				GCC_WARN_UNINITIALIZED_AUTOS = YES_AGGRESSIVE;
				INFOPLIST_FILE = "color_picker WatchKit Extension/Info.plist";
				IPHONEOS_DEPLOYMENT_TARGET = 8.3;
				LD_RUNPATH_SEARCH_PATHS = "$(inherited) @executable_path/Frameworks @executable_path/../../Frameworks";
				MTL_ENABLE_DEBUG_INFO = YES;
				PRODUCT_NAME = "Color Picker";
				PROVISIONING_PROFILE = "";
				SKIP_INSTALL = YES;
			};
			name = Debug;
		};
		9CC6F5171AEC95F200321413 /* Release */ = {
			isa = XCBuildConfiguration;
			buildSettings = {
				CLANG_CXX_LANGUAGE_STANDARD = "gnu++0x";
				CLANG_CXX_LIBRARY = "libc++";
				CLANG_ENABLE_MODULES = YES;
				CLANG_ENABLE_OBJC_ARC = YES;
				CLANG_WARN_DIRECT_OBJC_ISA_USAGE = YES_ERROR;
				CLANG_WARN_OBJC_ROOT_CLASS = YES_ERROR;
				CODE_SIGN_IDENTITY = "iPhone Distribution";
				"CODE_SIGN_IDENTITY[sdk=iphoneos*]" = "iPhone Distribution";
				COPY_PHASE_STRIP = NO;
				DEBUG_INFORMATION_FORMAT = "dwarf-with-dsym";
				ENABLE_NS_ASSERTIONS = NO;
				GCC_WARN_ABOUT_RETURN_TYPE = YES_ERROR;
				GCC_WARN_UNINITIALIZED_AUTOS = YES_AGGRESSIVE;
				INFOPLIST_FILE = "color_picker WatchKit Extension/Info.plist";
				IPHONEOS_DEPLOYMENT_TARGET = 8.3;
				LD_RUNPATH_SEARCH_PATHS = "$(inherited) @executable_path/Frameworks @executable_path/../../Frameworks";
				MTL_ENABLE_DEBUG_INFO = NO;
				PRODUCT_NAME = "Color Picker";
				PROVISIONING_PROFILE = "";
				SKIP_INSTALL = YES;
			};
			name = Release;
		};
		9CC6F5181AEC95F200321413 /* Debug */ = {
			isa = XCBuildConfiguration;
			buildSettings = {
				ASSETCATALOG_COMPILER_APPICON_NAME = AppIcon;
				CLANG_CXX_LANGUAGE_STANDARD = "gnu++0x";
				CLANG_CXX_LIBRARY = "libc++";
				CLANG_ENABLE_MODULES = YES;
				CLANG_ENABLE_OBJC_ARC = YES;
				CLANG_WARN_DIRECT_OBJC_ISA_USAGE = YES_ERROR;
				CLANG_WARN_OBJC_ROOT_CLASS = YES_ERROR;
				CODE_SIGN_IDENTITY = "iPhone Developer";
				"CODE_SIGN_IDENTITY[sdk=iphoneos*]" = "iPhone Developer";
				DEBUG_INFORMATION_FORMAT = "dwarf-with-dsym";
				GCC_PREPROCESSOR_DEFINITIONS = (
					"DEBUG=1",
					"$(inherited)",
				);
				GCC_WARN_ABOUT_RETURN_TYPE = YES_ERROR;
				GCC_WARN_UNINITIALIZED_AUTOS = YES_AGGRESSIVE;
				IBSC_MODULE = color_picker_WatchKit_Extension;
				INFOPLIST_FILE = "color_picker WatchKit App/Info.plist";
				IPHONEOS_DEPLOYMENT_TARGET = 8.2;
				MTL_ENABLE_DEBUG_INFO = YES;
				PRODUCT_NAME = "Color Picker";
				PROVISIONING_PROFILE = "";
				SKIP_INSTALL = YES;
				TARGETED_DEVICE_FAMILY = 4;
				"TARGETED_DEVICE_FAMILY[sdk=iphonesimulator*]" = "1,4";
			};
			name = Debug;
		};
		9CC6F5191AEC95F200321413 /* Release */ = {
			isa = XCBuildConfiguration;
			buildSettings = {
				ASSETCATALOG_COMPILER_APPICON_NAME = AppIcon;
				CLANG_CXX_LANGUAGE_STANDARD = "gnu++0x";
				CLANG_CXX_LIBRARY = "libc++";
				CLANG_ENABLE_MODULES = YES;
				CLANG_ENABLE_OBJC_ARC = YES;
				CLANG_WARN_DIRECT_OBJC_ISA_USAGE = YES_ERROR;
				CLANG_WARN_OBJC_ROOT_CLASS = YES_ERROR;
				CODE_SIGN_IDENTITY = "iPhone Distribution";
				"CODE_SIGN_IDENTITY[sdk=iphoneos*]" = "iPhone Distribution";
				COPY_PHASE_STRIP = NO;
				DEBUG_INFORMATION_FORMAT = "dwarf-with-dsym";
				ENABLE_NS_ASSERTIONS = NO;
				GCC_WARN_ABOUT_RETURN_TYPE = YES_ERROR;
				GCC_WARN_UNINITIALIZED_AUTOS = YES_AGGRESSIVE;
				IBSC_MODULE = color_picker_WatchKit_Extension;
				INFOPLIST_FILE = "color_picker WatchKit App/Info.plist";
				IPHONEOS_DEPLOYMENT_TARGET = 8.2;
				MTL_ENABLE_DEBUG_INFO = NO;
				PRODUCT_NAME = "Color Picker";
				PROVISIONING_PROFILE = "";
				SKIP_INSTALL = YES;
				TARGETED_DEVICE_FAMILY = 4;
				"TARGETED_DEVICE_FAMILY[sdk=iphonesimulator*]" = "1,4";
			};
			name = Release;
		};
		9CE4EEEB14CBA53300DFAD4A /* Debug */ = {
			isa = XCBuildConfiguration;
			buildSettings = {
				ALWAYS_SEARCH_USER_PATHS = NO;
				CLANG_WARN_BOOL_CONVERSION = YES;
				CLANG_WARN_CONSTANT_CONVERSION = YES;
				CLANG_WARN_EMPTY_BODY = YES;
				CLANG_WARN_ENUM_CONVERSION = YES;
				CLANG_WARN_INT_CONVERSION = YES;
				CLANG_WARN_UNREACHABLE_CODE = YES;
				CLANG_WARN__DUPLICATE_METHOD_MATCH = YES;
				"CODE_SIGN_IDENTITY[sdk=iphoneos*]" = "iPhone Developer";
				COPY_PHASE_STRIP = NO;
				ENABLE_STRICT_OBJC_MSGSEND = YES;
				GCC_C_LANGUAGE_STANDARD = gnu99;
				GCC_DYNAMIC_NO_PIC = NO;
				GCC_NO_COMMON_BLOCKS = YES;
				GCC_OPTIMIZATION_LEVEL = 0;
				GCC_PREPROCESSOR_DEFINITIONS = (
					"DEBUG=1",
					"$(inherited)",
				);
				GCC_SYMBOLS_PRIVATE_EXTERN = NO;
				GCC_THUMB_SUPPORT = NO;
				GCC_VERSION = com.apple.compilers.llvm.clang.1_0;
				GCC_WARN_64_TO_32_BIT_CONVERSION = YES;
				GCC_WARN_ABOUT_MISSING_PROTOTYPES = YES;
				GCC_WARN_ABOUT_RETURN_TYPE = YES;
				GCC_WARN_UNDECLARED_SELECTOR = YES;
				GCC_WARN_UNINITIALIZED_AUTOS = YES;
				GCC_WARN_UNUSED_FUNCTION = YES;
				GCC_WARN_UNUSED_VARIABLE = YES;
				IPHONEOS_DEPLOYMENT_TARGET = 5.0;
				ONLY_ACTIVE_ARCH = YES;
				SDKROOT = iphoneos;
			};
			name = Debug;
		};
		9CE4EEEC14CBA53300DFAD4A /* Release */ = {
			isa = XCBuildConfiguration;
			buildSettings = {
				ALWAYS_SEARCH_USER_PATHS = NO;
				CLANG_WARN_BOOL_CONVERSION = YES;
				CLANG_WARN_CONSTANT_CONVERSION = YES;
				CLANG_WARN_EMPTY_BODY = YES;
				CLANG_WARN_ENUM_CONVERSION = YES;
				CLANG_WARN_INT_CONVERSION = YES;
				CLANG_WARN_UNREACHABLE_CODE = YES;
				CLANG_WARN__DUPLICATE_METHOD_MATCH = YES;
				"CODE_SIGN_IDENTITY[sdk=iphoneos*]" = "iPhone Distribution";
				COPY_PHASE_STRIP = YES;
				ENABLE_STRICT_OBJC_MSGSEND = YES;
				GCC_C_LANGUAGE_STANDARD = gnu99;
				GCC_NO_COMMON_BLOCKS = YES;
				GCC_THUMB_SUPPORT = NO;
				GCC_VERSION = com.apple.compilers.llvm.clang.1_0;
				GCC_WARN_64_TO_32_BIT_CONVERSION = YES;
				GCC_WARN_ABOUT_MISSING_PROTOTYPES = YES;
				GCC_WARN_ABOUT_RETURN_TYPE = YES;
				GCC_WARN_UNDECLARED_SELECTOR = YES;
				GCC_WARN_UNINITIALIZED_AUTOS = YES;
				GCC_WARN_UNUSED_FUNCTION = YES;
				GCC_WARN_UNUSED_VARIABLE = YES;
				IPHONEOS_DEPLOYMENT_TARGET = 5.0;
				OTHER_CFLAGS = "-DNS_BLOCK_ASSERTIONS=1";
				SDKROOT = iphoneos;
				VALIDATE_PRODUCT = YES;
			};
			name = Release;
		};
		9CE4EEEE14CBA53300DFAD4A /* Debug */ = {
			isa = XCBuildConfiguration;
			buildSettings = {
				CLANG_ENABLE_OBJC_ARC = YES;
				CODE_SIGN_IDENTITY = "iPhone Developer";
				"CODE_SIGN_IDENTITY[sdk=iphoneos*]" = "iPhone Developer";
				FRAMEWORK_SEARCH_PATHS = (
					"$(inherited)",
					"\"$(SRCROOT)\"",
				);
				GCC_C_LANGUAGE_STANDARD = gnu11;
				GCC_PRECOMPILE_PREFIX_HEADER = YES;
				GCC_PREFIX_HEADER = "color_picker/color_picker-Prefix.pch";
				GCC_THUMB_SUPPORT = NO;
				INFOPLIST_FILE = "color_picker/color_picker-Info.plist";
				IPHONEOS_DEPLOYMENT_TARGET = 8.2;
				OTHER_LDFLAGS = (
					"-lz",
					"-ObjC",
					"-fobjc-arc",
				);
				PRODUCT_NAME = "$(TARGET_NAME)";
				PROVISIONING_PROFILE = "";
				"PROVISIONING_PROFILE[sdk=iphoneos*]" = "";
				RUN_CLANG_STATIC_ANALYZER = YES;
				TARGETED_DEVICE_FAMILY = "1,2";
				WRAPPER_EXTENSION = app;
			};
			name = Debug;
		};
		9CE4EEEF14CBA53300DFAD4A /* Release */ = {
			isa = XCBuildConfiguration;
			buildSettings = {
				CLANG_ENABLE_OBJC_ARC = YES;
				CODE_SIGN_ENTITLEMENTS = color_picker/Entitlements.plist;
				CODE_SIGN_IDENTITY = "iPhone Developer";
				"CODE_SIGN_IDENTITY[sdk=iphoneos*]" = "iPhone Developer";
				FRAMEWORK_SEARCH_PATHS = (
					"$(inherited)",
					"\"$(SRCROOT)\"",
				);
				GCC_C_LANGUAGE_STANDARD = gnu11;
				GCC_PRECOMPILE_PREFIX_HEADER = YES;
				GCC_PREFIX_HEADER = "color_picker/color_picker-Prefix.pch";
				GCC_THUMB_SUPPORT = NO;
				INFOPLIST_FILE = "color_picker/color_picker-Info.plist";
				IPHONEOS_DEPLOYMENT_TARGET = 8.2;
				OTHER_LDFLAGS = (
					"-lz",
					"-ObjC",
					"-fobjc-arc",
				);
				PRODUCT_NAME = "$(TARGET_NAME)";
				PROVISIONING_PROFILE = "";
				"PROVISIONING_PROFILE[sdk=iphoneos*]" = "";
				RUN_CLANG_STATIC_ANALYZER = YES;
				TARGETED_DEVICE_FAMILY = "1,2";
				WRAPPER_EXTENSION = app;
			};
			name = Release;
		};
/* End XCBuildConfiguration section */

/* Begin XCConfigurationList section */
		9CC6F5211AEC95F200321413 /* Build configuration list for PBXNativeTarget "color_picker WatchKit App" */ = {
			isa = XCConfigurationList;
			buildConfigurations = (
				9CC6F5181AEC95F200321413 /* Debug */,
				9CC6F5191AEC95F200321413 /* Release */,
			);
			defaultConfigurationIsVisible = 0;
			defaultConfigurationName = Release;
		};
		9CC6F5221AEC95F200321413 /* Build configuration list for PBXNativeTarget "color_picker WatchKit Extension" */ = {
			isa = XCConfigurationList;
			buildConfigurations = (
				9CC6F5161AEC95F200321413 /* Debug */,
				9CC6F5171AEC95F200321413 /* Release */,
			);
			defaultConfigurationIsVisible = 0;
			defaultConfigurationName = Release;
		};
		9CE4EEC914CBA53200DFAD4A /* Build configuration list for PBXProject "color_picker" */ = {
			isa = XCConfigurationList;
			buildConfigurations = (
				9CE4EEEB14CBA53300DFAD4A /* Debug */,
				9CE4EEEC14CBA53300DFAD4A /* Release */,
			);
			defaultConfigurationIsVisible = 0;
			defaultConfigurationName = Release;
		};
		9CE4EEED14CBA53300DFAD4A /* Build configuration list for PBXNativeTarget "color_picker" */ = {
			isa = XCConfigurationList;
			buildConfigurations = (
				9CE4EEEE14CBA53300DFAD4A /* Debug */,
				9CE4EEEF14CBA53300DFAD4A /* Release */,
			);
			defaultConfigurationIsVisible = 0;
			defaultConfigurationName = Release;
		};
/* End XCConfigurationList section */
	};
	rootObject = 9CE4EEC614CBA53200DFAD4A /* Project object */;
}
