// !$*UTF8*$!
{
	archiveVersion = 1;
	classes = {
	};
	objectVersion = 46;
	objects = {

/* Begin PBXBuildFile section */
		83B4792215045A5E002AC1DA /* libTBXML-iOS.a in Frameworks */ = {isa = PBXBuildFile; fileRef = 83ED0A7315040A190096A20C /* libTBXML-iOS.a */; };
		83ED0A7F15043E220096A20C /* TBXML+HTTP.h in Headers */ = {isa = PBXBuildFile; fileRef = 83ED0A7D15043D960096A20C /* TBXML+HTTP.h */; };
		83ED0A8015043E220096A20C /* TBXML.h in Headers */ = {isa = PBXBuildFile; fileRef = 83ED0A7E15043D960096A20C /* TBXML.h */; };
		83ED0A8415044B3D0096A20C /* ChooseLightViewController.h in Headers */ = {isa = PBXBuildFile; fileRef = 83ED0A8115044B3D0096A20C /* ChooseLightViewController.h */; };
		83ED0A8515044B3D0096A20C /* ChooseLightViewController.m in Sources */ = {isa = PBXBuildFile; fileRef = 83ED0A8215044B3D0096A20C /* ChooseLightViewController.m */; };
		83ED0A8615044B3D0096A20C /* ChooseLightViewController.xib in Resources */ = {isa = PBXBuildFile; fileRef = 83ED0A8315044B3D0096A20C /* ChooseLightViewController.xib */; };
		9CE4EED414CBA53300DFAD4A /* UIKit.framework in Frameworks */ = {isa = PBXBuildFile; fileRef = 9CE4EED314CBA53300DFAD4A /* UIKit.framework */; };
		9CE4EED614CBA53300DFAD4A /* Foundation.framework in Frameworks */ = {isa = PBXBuildFile; fileRef = 9CE4EED514CBA53300DFAD4A /* Foundation.framework */; };
		9CE4EED814CBA53300DFAD4A /* CoreGraphics.framework in Frameworks */ = {isa = PBXBuildFile; fileRef = 9CE4EED714CBA53300DFAD4A /* CoreGraphics.framework */; };
		9CE4EEDE14CBA53300DFAD4A /* InfoPlist.strings in Resources */ = {isa = PBXBuildFile; fileRef = 9CE4EEDC14CBA53300DFAD4A /* InfoPlist.strings */; };
		9CE4EEE014CBA53300DFAD4A /* main.m in Sources */ = {isa = PBXBuildFile; fileRef = 9CE4EEDF14CBA53300DFAD4A /* main.m */; };
		9CE4EEE414CBA53300DFAD4A /* com_robertdiamondAppDelegate.m in Sources */ = {isa = PBXBuildFile; fileRef = 9CE4EEE314CBA53300DFAD4A /* com_robertdiamondAppDelegate.m */; };
		9CE4EEFA14CBA64E00DFAD4A /* bar_select.png in Resources */ = {isa = PBXBuildFile; fileRef = 9CE4EEF514CBA64E00DFAD4A /* bar_select.png */; };
		9CE4EEFB14CBA64E00DFAD4A /* colormap.png in Resources */ = {isa = PBXBuildFile; fileRef = 9CE4EEF614CBA64E00DFAD4A /* colormap.png */; };
		9CE4EEFC14CBA64E00DFAD4A /* crosshair.png in Resources */ = {isa = PBXBuildFile; fileRef = 9CE4EEF714CBA64E00DFAD4A /* crosshair.png */; };
		9CE4EF1314CBA68200DFAD4A /* ColorPickerView.m in Sources */ = {isa = PBXBuildFile; fileRef = 9CE4EF0514CBA68200DFAD4A /* ColorPickerView.m */; };
		9CE4EF1414CBA68200DFAD4A /* ColorPickerViewController.m in Sources */ = {isa = PBXBuildFile; fileRef = 9CE4EF0714CBA68200DFAD4A /* ColorPickerViewController.m */; };
		9CE4EF1514CBA68200DFAD4A /* ColorSwatchView.m in Sources */ = {isa = PBXBuildFile; fileRef = 9CE4EF0914CBA68200DFAD4A /* ColorSwatchView.m */; };
		9CE4EF1614CBA68200DFAD4A /* GradientView.m in Sources */ = {isa = PBXBuildFile; fileRef = 9CE4EF0C14CBA68200DFAD4A /* GradientView.m */; };
		9CE4EF1714CBA68200DFAD4A /* UIColor-Expanded.m in Sources */ = {isa = PBXBuildFile; fileRef = 9CE4EF0E14CBA68200DFAD4A /* UIColor-Expanded.m */; };
		9CE4EF1814CBA68200DFAD4A /* UIColor-HSVAdditions.m in Sources */ = {isa = PBXBuildFile; fileRef = 9CE4EF1014CBA68200DFAD4A /* UIColor-HSVAdditions.m */; };
		9CE4EF1A14CBA74100DFAD4A /* ColorPickerViewController.xib in Resources */ = {isa = PBXBuildFile; fileRef = 9CE4EF1914CBA74100DFAD4A /* ColorPickerViewController.xib */; };
		9CE4EF1C14CBB22700DFAD4A /* Settings.bundle in Resources */ = {isa = PBXBuildFile; fileRef = 9CE4EF1B14CBB22700DFAD4A /* Settings.bundle */; };
/* End PBXBuildFile section */

/* Begin PBXContainerItemProxy section */
		83ED0A6E15040A190096A20C /* PBXContainerItemProxy */ = {
			isa = PBXContainerItemProxy;
			containerPortal = 83ED0A6415040A190096A20C /* TBXML.xcodeproj */;
			proxyType = 2;
			remoteGlobalIDString = 829FA09C14D5B52A00D18697;
			remoteInfo = TBXML;
		};
		83ED0A7015040A190096A20C /* PBXContainerItemProxy */ = {
			isa = PBXContainerItemProxy;
			containerPortal = 83ED0A6415040A190096A20C /* TBXML.xcodeproj */;
			proxyType = 2;
			remoteGlobalIDString = 829FA0B014D5B52A00D18697;
			remoteInfo = TBXMLTests;
		};
		83ED0A7215040A190096A20C /* PBXContainerItemProxy */ = {
			isa = PBXContainerItemProxy;
			containerPortal = 83ED0A6415040A190096A20C /* TBXML.xcodeproj */;
			proxyType = 2;
			remoteGlobalIDString = 8290352514D9F5B200ACF7E4;
			remoteInfo = "TBXML-iOS";
		};
		83ED0A7415040A190096A20C /* PBXContainerItemProxy */ = {
			isa = PBXContainerItemProxy;
			containerPortal = 83ED0A6415040A190096A20C /* TBXML.xcodeproj */;
			proxyType = 2;
			remoteGlobalIDString = 8290353314D9F5B200ACF7E4;
			remoteInfo = "TBXML-iOSTests";
		};
		83ED0A7815043C050096A20C /* PBXContainerItemProxy */ = {
			isa = PBXContainerItemProxy;
			containerPortal = 83ED0A6415040A190096A20C /* TBXML.xcodeproj */;
			proxyType = 1;
			remoteGlobalIDString = 8290352414D9F5B200ACF7E4;
			remoteInfo = "TBXML-iOS";
		};
/* End PBXContainerItemProxy section */

/* Begin PBXFileReference section */
		83ED0A6415040A190096A20C /* TBXML.xcodeproj */ = {isa = PBXFileReference; lastKnownFileType = "wrapper.pb-project"; name = TBXML.xcodeproj; path = ../TBXML/TBXML.xcodeproj; sourceTree = "<group>"; };
		83ED0A7C15043D960096A20C /* TBXML+Compression.h */ = {isa = PBXFileReference; lastKnownFileType = sourcecode.c.h; path = "TBXML+Compression.h"; sourceTree = "<group>"; };
		83ED0A7D15043D960096A20C /* TBXML+HTTP.h */ = {isa = PBXFileReference; lastKnownFileType = sourcecode.c.h; path = "TBXML+HTTP.h"; sourceTree = "<group>"; };
		83ED0A7E15043D960096A20C /* TBXML.h */ = {isa = PBXFileReference; lastKnownFileType = sourcecode.c.h; path = TBXML.h; sourceTree = "<group>"; };
		83ED0A8115044B3D0096A20C /* ChooseLightViewController.h */ = {isa = PBXFileReference; fileEncoding = 4; lastKnownFileType = sourcecode.c.h; path = ChooseLightViewController.h; sourceTree = "<group>"; };
		83ED0A8215044B3D0096A20C /* ChooseLightViewController.m */ = {isa = PBXFileReference; fileEncoding = 4; lastKnownFileType = sourcecode.c.objc; path = ChooseLightViewController.m; sourceTree = "<group>"; };
		83ED0A8315044B3D0096A20C /* ChooseLightViewController.xib */ = {isa = PBXFileReference; fileEncoding = 4; lastKnownFileType = file.xib; path = ChooseLightViewController.xib; sourceTree = "<group>"; };
		9CE4EECF14CBA53300DFAD4A /* color_picker.app */ = {isa = PBXFileReference; explicitFileType = wrapper.application; includeInIndex = 0; path = color_picker.app; sourceTree = BUILT_PRODUCTS_DIR; };
		9CE4EED314CBA53300DFAD4A /* UIKit.framework */ = {isa = PBXFileReference; lastKnownFileType = wrapper.framework; name = UIKit.framework; path = System/Library/Frameworks/UIKit.framework; sourceTree = SDKROOT; };
		9CE4EED514CBA53300DFAD4A /* Foundation.framework */ = {isa = PBXFileReference; lastKnownFileType = wrapper.framework; name = Foundation.framework; path = System/Library/Frameworks/Foundation.framework; sourceTree = SDKROOT; };
		9CE4EED714CBA53300DFAD4A /* CoreGraphics.framework */ = {isa = PBXFileReference; lastKnownFileType = wrapper.framework; name = CoreGraphics.framework; path = System/Library/Frameworks/CoreGraphics.framework; sourceTree = SDKROOT; };
		9CE4EEDB14CBA53300DFAD4A /* color_picker-Info.plist */ = {isa = PBXFileReference; lastKnownFileType = text.plist.xml; path = "color_picker-Info.plist"; sourceTree = "<group>"; };
		9CE4EEDD14CBA53300DFAD4A /* en */ = {isa = PBXFileReference; lastKnownFileType = text.plist.strings; name = en; path = en.lproj/InfoPlist.strings; sourceTree = "<group>"; };
		9CE4EEDF14CBA53300DFAD4A /* main.m */ = {isa = PBXFileReference; lastKnownFileType = sourcecode.c.objc; path = main.m; sourceTree = "<group>"; };
		9CE4EEE114CBA53300DFAD4A /* color_picker-Prefix.pch */ = {isa = PBXFileReference; lastKnownFileType = sourcecode.c.h; path = "color_picker-Prefix.pch"; sourceTree = "<group>"; };
		9CE4EEE214CBA53300DFAD4A /* com_robertdiamondAppDelegate.h */ = {isa = PBXFileReference; lastKnownFileType = sourcecode.c.h; path = com_robertdiamondAppDelegate.h; sourceTree = "<group>"; };
		9CE4EEE314CBA53300DFAD4A /* com_robertdiamondAppDelegate.m */ = {isa = PBXFileReference; lastKnownFileType = sourcecode.c.objc; path = com_robertdiamondAppDelegate.m; sourceTree = "<group>"; };
		9CE4EEF514CBA64E00DFAD4A /* bar_select.png */ = {isa = PBXFileReference; lastKnownFileType = image.png; path = bar_select.png; sourceTree = "<group>"; };
		9CE4EEF614CBA64E00DFAD4A /* colormap.png */ = {isa = PBXFileReference; lastKnownFileType = image.png; path = colormap.png; sourceTree = "<group>"; };
		9CE4EEF714CBA64E00DFAD4A /* crosshair.png */ = {isa = PBXFileReference; lastKnownFileType = image.png; path = crosshair.png; sourceTree = "<group>"; };
		9CE4EF0414CBA68200DFAD4A /* ColorPickerView.h */ = {isa = PBXFileReference; fileEncoding = 4; lastKnownFileType = sourcecode.c.h; path = ColorPickerView.h; sourceTree = "<group>"; };
		9CE4EF0514CBA68200DFAD4A /* ColorPickerView.m */ = {isa = PBXFileReference; fileEncoding = 4; lastKnownFileType = sourcecode.c.objc; path = ColorPickerView.m; sourceTree = "<group>"; };
		9CE4EF0614CBA68200DFAD4A /* ColorPickerViewController.h */ = {isa = PBXFileReference; fileEncoding = 4; lastKnownFileType = sourcecode.c.h; path = ColorPickerViewController.h; sourceTree = "<group>"; };
		9CE4EF0714CBA68200DFAD4A /* ColorPickerViewController.m */ = {isa = PBXFileReference; fileEncoding = 4; lastKnownFileType = sourcecode.c.objc; path = ColorPickerViewController.m; sourceTree = "<group>"; };
		9CE4EF0814CBA68200DFAD4A /* ColorSwatchView.h */ = {isa = PBXFileReference; fileEncoding = 4; lastKnownFileType = sourcecode.c.h; path = ColorSwatchView.h; sourceTree = "<group>"; };
		9CE4EF0914CBA68200DFAD4A /* ColorSwatchView.m */ = {isa = PBXFileReference; fileEncoding = 4; lastKnownFileType = sourcecode.c.objc; path = ColorSwatchView.m; sourceTree = "<group>"; };
		9CE4EF0A14CBA68200DFAD4A /* Constants.h */ = {isa = PBXFileReference; fileEncoding = 4; lastKnownFileType = sourcecode.c.h; path = Constants.h; sourceTree = "<group>"; };
		9CE4EF0B14CBA68200DFAD4A /* GradientView.h */ = {isa = PBXFileReference; fileEncoding = 4; lastKnownFileType = sourcecode.c.h; path = GradientView.h; sourceTree = "<group>"; };
		9CE4EF0C14CBA68200DFAD4A /* GradientView.m */ = {isa = PBXFileReference; fileEncoding = 4; lastKnownFileType = sourcecode.c.objc; path = GradientView.m; sourceTree = "<group>"; };
		9CE4EF0D14CBA68200DFAD4A /* UIColor-Expanded.h */ = {isa = PBXFileReference; fileEncoding = 4; lastKnownFileType = sourcecode.c.h; path = "UIColor-Expanded.h"; sourceTree = "<group>"; };
		9CE4EF0E14CBA68200DFAD4A /* UIColor-Expanded.m */ = {isa = PBXFileReference; fileEncoding = 4; lastKnownFileType = sourcecode.c.objc; path = "UIColor-Expanded.m"; sourceTree = "<group>"; };
		9CE4EF0F14CBA68200DFAD4A /* UIColor-HSVAdditions.h */ = {isa = PBXFileReference; fileEncoding = 4; lastKnownFileType = sourcecode.c.h; path = "UIColor-HSVAdditions.h"; sourceTree = "<group>"; };
		9CE4EF1014CBA68200DFAD4A /* UIColor-HSVAdditions.m */ = {isa = PBXFileReference; fileEncoding = 4; lastKnownFileType = sourcecode.c.objc; path = "UIColor-HSVAdditions.m"; sourceTree = "<group>"; };
		9CE4EF1914CBA74100DFAD4A /* ColorPickerViewController.xib */ = {isa = PBXFileReference; fileEncoding = 4; lastKnownFileType = file.xib; path = ColorPickerViewController.xib; sourceTree = "<group>"; };
		9CE4EF1B14CBB22700DFAD4A /* Settings.bundle */ = {isa = PBXFileReference; lastKnownFileType = "wrapper.plug-in"; path = Settings.bundle; sourceTree = "<group>"; };
/* End PBXFileReference section */

/* Begin PBXFrameworksBuildPhase section */
		9CE4EECC14CBA53300DFAD4A /* Frameworks */ = {
			isa = PBXFrameworksBuildPhase;
			buildActionMask = 2147483647;
			files = (
				83B4792215045A5E002AC1DA /* libTBXML-iOS.a in Frameworks */,
				9CE4EED414CBA53300DFAD4A /* UIKit.framework in Frameworks */,
				9CE4EED614CBA53300DFAD4A /* Foundation.framework in Frameworks */,
				9CE4EED814CBA53300DFAD4A /* CoreGraphics.framework in Frameworks */,
			);
			runOnlyForDeploymentPostprocessing = 0;
		};
/* End PBXFrameworksBuildPhase section */

/* Begin PBXGroup section */
		83ED0A6515040A190096A20C /* Products */ = {
			isa = PBXGroup;
			children = (
				83ED0A6F15040A190096A20C /* libTBXML.a */,
				83ED0A7115040A190096A20C /* TBXMLTests.octest */,
				83ED0A7315040A190096A20C /* libTBXML-iOS.a */,
				83ED0A7515040A190096A20C /* TBXML-iOSTests.octest */,
			);
			name = Products;
			sourceTree = "<group>";
		};
		83ED0A7B15043D960096A20C /* TBXML-Headers */ = {
			isa = PBXGroup;
			children = (
				83ED0A7C15043D960096A20C /* TBXML+Compression.h */,
				83ED0A7D15043D960096A20C /* TBXML+HTTP.h */,
				83ED0A7E15043D960096A20C /* TBXML.h */,
			);
			name = "TBXML-Headers";
			path = "../TBXML/TBXML-Headers";
			sourceTree = "<group>";
		};
		9CE4EEC414CBA53200DFAD4A = {
			isa = PBXGroup;
			children = (
				83ED0A7B15043D960096A20C /* TBXML-Headers */,
				9CE4EED914CBA53300DFAD4A /* color_picker */,
				9CE4EED214CBA53300DFAD4A /* Frameworks */,
				9CE4EED014CBA53300DFAD4A /* Products */,
			);
			sourceTree = "<group>";
		};
		9CE4EED014CBA53300DFAD4A /* Products */ = {
			isa = PBXGroup;
			children = (
				9CE4EECF14CBA53300DFAD4A /* color_picker.app */,
			);
			name = Products;
			sourceTree = "<group>";
		};
		9CE4EED214CBA53300DFAD4A /* Frameworks */ = {
			isa = PBXGroup;
			children = (
				83ED0A6415040A190096A20C /* TBXML.xcodeproj */,
				9CE4EED314CBA53300DFAD4A /* UIKit.framework */,
				9CE4EED514CBA53300DFAD4A /* Foundation.framework */,
				9CE4EED714CBA53300DFAD4A /* CoreGraphics.framework */,
			);
			name = Frameworks;
			sourceTree = "<group>";
		};
		9CE4EED914CBA53300DFAD4A /* color_picker */ = {
			isa = PBXGroup;
			children = (
				9CE4EEFF14CBA68200DFAD4A /* Classes */,
				9CE4EEE214CBA53300DFAD4A /* com_robertdiamondAppDelegate.h */,
				9CE4EEE314CBA53300DFAD4A /* com_robertdiamondAppDelegate.m */,
				9CE4EEDA14CBA53300DFAD4A /* Supporting Files */,
			);
			path = color_picker;
			sourceTree = "<group>";
		};
		9CE4EEDA14CBA53300DFAD4A /* Supporting Files */ = {
			isa = PBXGroup;
			children = (
				9CE4EEF414CBA64E00DFAD4A /* UI Parts */,
				9CE4EEDB14CBA53300DFAD4A /* color_picker-Info.plist */,
				9CE4EEDC14CBA53300DFAD4A /* InfoPlist.strings */,
				9CE4EEDF14CBA53300DFAD4A /* main.m */,
				9CE4EEE114CBA53300DFAD4A /* color_picker-Prefix.pch */,
				9CE4EF1B14CBB22700DFAD4A /* Settings.bundle */,
			);
			name = "Supporting Files";
			sourceTree = "<group>";
		};
		9CE4EEF414CBA64E00DFAD4A /* UI Parts */ = {
			isa = PBXGroup;
			children = (
				9CE4EEF514CBA64E00DFAD4A /* bar_select.png */,
				9CE4EEF614CBA64E00DFAD4A /* colormap.png */,
				9CE4EEF714CBA64E00DFAD4A /* crosshair.png */,
			);
			path = "UI Parts";
			sourceTree = "<group>";
		};
		9CE4EEFF14CBA68200DFAD4A /* Classes */ = {
			isa = PBXGroup;
			children = (
				9CE4EF1914CBA74100DFAD4A /* ColorPickerViewController.xib */,
				9CE4EF0414CBA68200DFAD4A /* ColorPickerView.h */,
				9CE4EF0514CBA68200DFAD4A /* ColorPickerView.m */,
				9CE4EF0614CBA68200DFAD4A /* ColorPickerViewController.h */,
				9CE4EF0714CBA68200DFAD4A /* ColorPickerViewController.m */,
				9CE4EF0814CBA68200DFAD4A /* ColorSwatchView.h */,
				9CE4EF0914CBA68200DFAD4A /* ColorSwatchView.m */,
				9CE4EF0A14CBA68200DFAD4A /* Constants.h */,
				9CE4EF0B14CBA68200DFAD4A /* GradientView.h */,
				9CE4EF0C14CBA68200DFAD4A /* GradientView.m */,
				9CE4EF0D14CBA68200DFAD4A /* UIColor-Expanded.h */,
				9CE4EF0E14CBA68200DFAD4A /* UIColor-Expanded.m */,
				9CE4EF0F14CBA68200DFAD4A /* UIColor-HSVAdditions.h */,
				9CE4EF1014CBA68200DFAD4A /* UIColor-HSVAdditions.m */,
				83ED0A8115044B3D0096A20C /* ChooseLightViewController.h */,
				83ED0A8215044B3D0096A20C /* ChooseLightViewController.m */,
				83ED0A8315044B3D0096A20C /* ChooseLightViewController.xib */,
			);
			path = Classes;
			sourceTree = "<group>";
		};
/* End PBXGroup section */

/* Begin PBXHeadersBuildPhase section */
		83ED0A7A15043D6C0096A20C /* Headers */ = {
			isa = PBXHeadersBuildPhase;
			buildActionMask = 2147483647;
			files = (
				83ED0A7F15043E220096A20C /* TBXML+HTTP.h in Headers */,
				83ED0A8015043E220096A20C /* TBXML.h in Headers */,
				83ED0A8415044B3D0096A20C /* ChooseLightViewController.h in Headers */,
			);
			runOnlyForDeploymentPostprocessing = 0;
		};
/* End PBXHeadersBuildPhase section */

/* Begin PBXNativeTarget section */
		9CE4EECE14CBA53300DFAD4A /* color_picker */ = {
			isa = PBXNativeTarget;
			buildConfigurationList = 9CE4EEED14CBA53300DFAD4A /* Build configuration list for PBXNativeTarget "color_picker" */;
			buildPhases = (
				83ED0A7A15043D6C0096A20C /* Headers */,
				9CE4EECB14CBA53300DFAD4A /* Sources */,
				9CE4EECC14CBA53300DFAD4A /* Frameworks */,
				9CE4EECD14CBA53300DFAD4A /* Resources */,
			);
			buildRules = (
			);
			dependencies = (
				83ED0A7915043C050096A20C /* PBXTargetDependency */,
			);
			name = color_picker;
			productName = color_picker;
			productReference = 9CE4EECF14CBA53300DFAD4A /* color_picker.app */;
			productType = "com.apple.product-type.application";
		};
/* End PBXNativeTarget section */

/* Begin PBXProject section */
		9CE4EEC614CBA53200DFAD4A /* Project object */ = {
			isa = PBXProject;
			attributes = {
				LastUpgradeCheck = 0420;
			};
			buildConfigurationList = 9CE4EEC914CBA53200DFAD4A /* Build configuration list for PBXProject "color_picker" */;
			compatibilityVersion = "Xcode 3.2";
			developmentRegion = English;
			hasScannedForEncodings = 0;
			knownRegions = (
				en,
			);
			mainGroup = 9CE4EEC414CBA53200DFAD4A;
			productRefGroup = 9CE4EED014CBA53300DFAD4A /* Products */;
			projectDirPath = "";
			projectReferences = (
				{
					ProductGroup = 83ED0A6515040A190096A20C /* Products */;
					ProjectRef = 83ED0A6415040A190096A20C /* TBXML.xcodeproj */;
				},
			);
			projectRoot = "";
			targets = (
				9CE4EECE14CBA53300DFAD4A /* color_picker */,
			);
		};
/* End PBXProject section */

/* Begin PBXReferenceProxy section */
		83ED0A6F15040A190096A20C /* libTBXML.a */ = {
			isa = PBXReferenceProxy;
			fileType = archive.ar;
			path = libTBXML.a;
			remoteRef = 83ED0A6E15040A190096A20C /* PBXContainerItemProxy */;
			sourceTree = BUILT_PRODUCTS_DIR;
		};
		83ED0A7115040A190096A20C /* TBXMLTests.octest */ = {
			isa = PBXReferenceProxy;
			fileType = wrapper.cfbundle;
			path = TBXMLTests.octest;
			remoteRef = 83ED0A7015040A190096A20C /* PBXContainerItemProxy */;
			sourceTree = BUILT_PRODUCTS_DIR;
		};
		83ED0A7315040A190096A20C /* libTBXML-iOS.a */ = {
			isa = PBXReferenceProxy;
			fileType = archive.ar;
			path = "libTBXML-iOS.a";
			remoteRef = 83ED0A7215040A190096A20C /* PBXContainerItemProxy */;
			sourceTree = BUILT_PRODUCTS_DIR;
		};
		83ED0A7515040A190096A20C /* TBXML-iOSTests.octest */ = {
			isa = PBXReferenceProxy;
			fileType = wrapper.cfbundle;
			path = "TBXML-iOSTests.octest";
			remoteRef = 83ED0A7415040A190096A20C /* PBXContainerItemProxy */;
			sourceTree = BUILT_PRODUCTS_DIR;
		};
/* End PBXReferenceProxy section */

/* Begin PBXResourcesBuildPhase section */
		9CE4EECD14CBA53300DFAD4A /* Resources */ = {
			isa = PBXResourcesBuildPhase;
			buildActionMask = 2147483647;
			files = (
				9CE4EEDE14CBA53300DFAD4A /* InfoPlist.strings in Resources */,
				9CE4EEFA14CBA64E00DFAD4A /* bar_select.png in Resources */,
				9CE4EEFB14CBA64E00DFAD4A /* colormap.png in Resources */,
				9CE4EEFC14CBA64E00DFAD4A /* crosshair.png in Resources */,
				9CE4EF1A14CBA74100DFAD4A /* ColorPickerViewController.xib in Resources */,
				9CE4EF1C14CBB22700DFAD4A /* Settings.bundle in Resources */,
				83ED0A8615044B3D0096A20C /* ChooseLightViewController.xib in Resources */,
			);
			runOnlyForDeploymentPostprocessing = 0;
		};
/* End PBXResourcesBuildPhase section */

/* Begin PBXSourcesBuildPhase section */
		9CE4EECB14CBA53300DFAD4A /* Sources */ = {
			isa = PBXSourcesBuildPhase;
			buildActionMask = 2147483647;
			files = (
				9CE4EEE014CBA53300DFAD4A /* main.m in Sources */,
				9CE4EEE414CBA53300DFAD4A /* com_robertdiamondAppDelegate.m in Sources */,
				9CE4EF1314CBA68200DFAD4A /* ColorPickerView.m in Sources */,
				9CE4EF1414CBA68200DFAD4A /* ColorPickerViewController.m in Sources */,
				9CE4EF1514CBA68200DFAD4A /* ColorSwatchView.m in Sources */,
				9CE4EF1614CBA68200DFAD4A /* GradientView.m in Sources */,
				9CE4EF1714CBA68200DFAD4A /* UIColor-Expanded.m in Sources */,
				9CE4EF1814CBA68200DFAD4A /* UIColor-HSVAdditions.m in Sources */,
				83ED0A8515044B3D0096A20C /* ChooseLightViewController.m in Sources */,
			);
			runOnlyForDeploymentPostprocessing = 0;
		};
/* End PBXSourcesBuildPhase section */

/* Begin PBXTargetDependency section */
		83ED0A7915043C050096A20C /* PBXTargetDependency */ = {
			isa = PBXTargetDependency;
			name = "TBXML-iOS";
			targetProxy = 83ED0A7815043C050096A20C /* PBXContainerItemProxy */;
		};
/* End PBXTargetDependency section */

/* Begin PBXVariantGroup section */
		9CE4EEDC14CBA53300DFAD4A /* InfoPlist.strings */ = {
			isa = PBXVariantGroup;
			children = (
				9CE4EEDD14CBA53300DFAD4A /* en */,
			);
			name = InfoPlist.strings;
			sourceTree = "<group>";
		};
/* End PBXVariantGroup section */

/* Begin XCBuildConfiguration section */
		9CE4EEEB14CBA53300DFAD4A /* Debug */ = {
			isa = XCBuildConfiguration;
			buildSettings = {
				ALWAYS_SEARCH_USER_PATHS = NO;
				ARCHS = "$(ARCHS_STANDARD_32_BIT)";
				"CODE_SIGN_IDENTITY[sdk=iphoneos*]" = "iPhone Developer";
				COPY_PHASE_STRIP = NO;
				GCC_C_LANGUAGE_STANDARD = gnu99;
				GCC_DYNAMIC_NO_PIC = NO;
				GCC_OPTIMIZATION_LEVEL = 0;
				GCC_PREPROCESSOR_DEFINITIONS = (
					"DEBUG=1",
					"$(inherited)",
				);
				GCC_SYMBOLS_PRIVATE_EXTERN = NO;
				GCC_VERSION = com.apple.compilers.llvm.clang.1_0;
				GCC_WARN_ABOUT_MISSING_PROTOTYPES = YES;
				GCC_WARN_ABOUT_RETURN_TYPE = YES;
				GCC_WARN_UNUSED_VARIABLE = YES;
				IPHONEOS_DEPLOYMENT_TARGET = 5.0;
				SDKROOT = iphoneos;
			};
			name = Debug;
		};
		9CE4EEEC14CBA53300DFAD4A /* Release */ = {
			isa = XCBuildConfiguration;
			buildSettings = {
				ALWAYS_SEARCH_USER_PATHS = NO;
				ARCHS = "$(ARCHS_STANDARD_32_BIT)";
				"CODE_SIGN_IDENTITY[sdk=iphoneos*]" = "iPhone Developer";
				COPY_PHASE_STRIP = YES;
				GCC_C_LANGUAGE_STANDARD = gnu99;
				GCC_VERSION = com.apple.compilers.llvm.clang.1_0;
				GCC_WARN_ABOUT_MISSING_PROTOTYPES = YES;
				GCC_WARN_ABOUT_RETURN_TYPE = YES;
				GCC_WARN_UNUSED_VARIABLE = YES;
				IPHONEOS_DEPLOYMENT_TARGET = 5.0;
				OTHER_CFLAGS = "-DNS_BLOCK_ASSERTIONS=1";
				SDKROOT = iphoneos;
				VALIDATE_PRODUCT = YES;
			};
			name = Release;
		};
		9CE4EEEE14CBA53300DFAD4A /* Debug */ = {
			isa = XCBuildConfiguration;
			buildSettings = {
				GCC_PRECOMPILE_PREFIX_HEADER = YES;
				GCC_PREFIX_HEADER = "color_picker/color_picker-Prefix.pch";
				INFOPLIST_FILE = "color_picker/color_picker-Info.plist";
				IPHONEOS_DEPLOYMENT_TARGET = 4.0;
				OTHER_LDFLAGS = (
					"-lz",
					"-ObjC",
				);
				PRODUCT_NAME = "$(TARGET_NAME)";
				WRAPPER_EXTENSION = app;
			};
			name = Debug;
		};
		9CE4EEEF14CBA53300DFAD4A /* Release */ = {
			isa = XCBuildConfiguration;
			buildSettings = {
				GCC_PRECOMPILE_PREFIX_HEADER = YES;
				GCC_PREFIX_HEADER = "color_picker/color_picker-Prefix.pch";
				INFOPLIST_FILE = "color_picker/color_picker-Info.plist";
				IPHONEOS_DEPLOYMENT_TARGET = 4.0;
				OTHER_LDFLAGS = (
					"-lz",
					"-ObjC",
				);
				PRODUCT_NAME = "$(TARGET_NAME)";
				WRAPPER_EXTENSION = app;
			};
			name = Release;
		};
/* End XCBuildConfiguration section */

/* Begin XCConfigurationList section */
		9CE4EEC914CBA53200DFAD4A /* Build configuration list for PBXProject "color_picker" */ = {
			isa = XCConfigurationList;
			buildConfigurations = (
				9CE4EEEB14CBA53300DFAD4A /* Debug */,
				9CE4EEEC14CBA53300DFAD4A /* Release */,
			);
			defaultConfigurationIsVisible = 0;
			defaultConfigurationName = Release;
		};
		9CE4EEED14CBA53300DFAD4A /* Build configuration list for PBXNativeTarget "color_picker" */ = {
			isa = XCConfigurationList;
			buildConfigurations = (
				9CE4EEEE14CBA53300DFAD4A /* Debug */,
				9CE4EEEF14CBA53300DFAD4A /* Release */,
			);
			defaultConfigurationIsVisible = 0;
			defaultConfigurationName = Release;
		};
/* End XCConfigurationList section */
	};
	rootObject = 9CE4EEC614CBA53200DFAD4A /* Project object */;
}
